// !$*UTF8*$!
{
	archiveVersion = 1;
	classes = {
	};
	objectVersion = 56;
	objects = {

/* Begin PBXBuildFile section */
		15059AC02A88A54200303C01 /* CommonRecommendCarResultCarInfoView.swift in Sources */ = {isa = PBXBuildFile; fileRef = 15059ABF2A88A54200303C01 /* CommonRecommendCarResultCarInfoView.swift */; };
		155729FF2A89563200D136C6 /* DetailRecommendCarResultMainHeaderModel+Mock.swift in Sources */ = {isa = PBXBuildFile; fileRef = 155729FE2A89563200D136C6 /* DetailRecommendCarResultMainHeaderModel+Mock.swift */; };
		155DDD052A82D040009AE2BC /* DetailRecommendCarResultViewModel.swift in Sources */ = {isa = PBXBuildFile; fileRef = 155DDD042A82D040009AE2BC /* DetailRecommendCarResultViewModel.swift */; };
		155DDD072A82D3B2009AE2BC /* DetailRecommendCarResultViewModelable.swift in Sources */ = {isa = PBXBuildFile; fileRef = 155DDD062A82D3B2009AE2BC /* DetailRecommendCarResultViewModelable.swift */; };
		155DDD0A2A835FEF009AE2BC /* DetailRecommendCarResultSecondSectionHeader.swift in Sources */ = {isa = PBXBuildFile; fileRef = 155DDD092A835FEF009AE2BC /* DetailRecommendCarResultSecondSectionHeader.swift */; };
		155DDD0E2A840F7D009AE2BC /* DetailRecommendCarResultSectionHeaders.swift in Sources */ = {isa = PBXBuildFile; fileRef = 155DDD0D2A840F7D009AE2BC /* DetailRecommendCarResultSectionHeaders.swift */; };
		155DDD102A846077009AE2BC /* RecommendCarInfoModel+Mock.swift in Sources */ = {isa = PBXBuildFile; fileRef = 155DDD0F2A846077009AE2BC /* RecommendCarInfoModel+Mock.swift */; };
		155DDD122A84610A009AE2BC /* DetailRecommendCarProductOptionModel+Mock.swift in Sources */ = {isa = PBXBuildFile; fileRef = 155DDD112A84610A009AE2BC /* DetailRecommendCarProductOptionModel+Mock.swift */; };
		155DDD162A84A808009AE2BC /* DetailRecommendCarResultFooter.swift in Sources */ = {isa = PBXBuildFile; fileRef = 155DDD152A84A808009AE2BC /* DetailRecommendCarResultFooter.swift */; };
		155DDD182A855182009AE2BC /* LeftAndRightButtonsView.swift in Sources */ = {isa = PBXBuildFile; fileRef = 155DDD172A855182009AE2BC /* LeftAndRightButtonsView.swift */; };
		155DDD1C2A85E2CE009AE2BC /* CustomOrQuoteSelectView.swift in Sources */ = {isa = PBXBuildFile; fileRef = 155DDD1B2A85E2CE009AE2BC /* CustomOrQuoteSelectView.swift */; };
		155EAB372A7F5FCD00833B0E /* ProgressView.swift in Sources */ = {isa = PBXBuildFile; fileRef = 155EAB362A7F5FCD00833B0E /* ProgressView.swift */; };
		155EAB3A2A80824B00833B0E /* DetailRecommendCarResultViewController.swift in Sources */ = {isa = PBXBuildFile; fileRef = 155EAB392A80824B00833B0E /* DetailRecommendCarResultViewController.swift */; };
		155EAB3F2A80F14900833B0E /* CommonRecommendCarResultSectionDividerTitleView.swift in Sources */ = {isa = PBXBuildFile; fileRef = 155EAB3E2A80F14900833B0E /* CommonRecommendCarResultSectionDividerTitleView.swift */; };
		155EAB432A81163300833B0E /* DetailRecommendCarResultThumbnailView.swift in Sources */ = {isa = PBXBuildFile; fileRef = 155EAB422A81163300833B0E /* DetailRecommendCarResultThumbnailView.swift */; };
		155EAB462A81F0AF00833B0E /* DetailRecommendCarResultMainHeader.swift in Sources */ = {isa = PBXBuildFile; fileRef = 155EAB452A81F0AF00833B0E /* DetailRecommendCarResultMainHeader.swift */; };
		155ED71C2A7E5A510052896A /* UIControl+CombineInteractionSubscription.swift in Sources */ = {isa = PBXBuildFile; fileRef = 155ED71B2A7E5A510052896A /* UIControl+CombineInteractionSubscription.swift */; };
		155ED71E2A7E5AD60052896A /* UIControl+Publihser.swift in Sources */ = {isa = PBXBuildFile; fileRef = 155ED71D2A7E5AD60052896A /* UIControl+Publihser.swift */; };
		155ED7202A7E5B890052896A /* UIButton+Combine.swift in Sources */ = {isa = PBXBuildFile; fileRef = 155ED71F2A7E5B890052896A /* UIButton+Combine.swift */; };
		155ED7222A7E5BE50052896A /* UITextField+Combine.swift in Sources */ = {isa = PBXBuildFile; fileRef = 155ED7212A7E5BE50052896A /* UITextField+Combine.swift */; };
		155ED7242A7E6D5A0052896A /* ViewModelable.swift in Sources */ = {isa = PBXBuildFile; fileRef = 155ED7232A7E6D5A0052896A /* ViewModelable.swift */; };
		155ED7262A7E6DB30052896A /* ViewBindable.swift in Sources */ = {isa = PBXBuildFile; fileRef = 155ED7252A7E6DB30052896A /* ViewBindable.swift */; };
		15837B9D2A7E5931000FE728 /* UIControl+CombineInteractionPublisher.swift in Sources */ = {isa = PBXBuildFile; fileRef = 15837B9C2A7E5931000FE728 /* UIControl+CombineInteractionPublisher.swift */; };
		159B2CF42A82374E003F47D6 /* DetailRecommendCarResultTableViewAdapter.swift in Sources */ = {isa = PBXBuildFile; fileRef = 159B2CF32A82374E003F47D6 /* DetailRecommendCarResultTableViewAdapter.swift */; };
		159B2CF92A825D07003F47D6 /* DetailRecommendCarResultTableViewAdapterDataSource.swift in Sources */ = {isa = PBXBuildFile; fileRef = 159B2CF82A825D07003F47D6 /* DetailRecommendCarResultTableViewAdapterDataSource.swift */; };
		159B2CFE2A825F5F003F47D6 /* CommonRecommendCarResultTableViewCell.swift in Sources */ = {isa = PBXBuildFile; fileRef = 159B2CFD2A825F5F003F47D6 /* CommonRecommendCarResultTableViewCell.swift */; };
		15D8CC8C2A89242B009B19B9 /* CommonRecommendCarResultTableView.swift in Sources */ = {isa = PBXBuildFile; fileRef = 15D8CC8B2A89242B009B19B9 /* CommonRecommendCarResultTableView.swift */; };
		15D8CC8F2A892A38009B19B9 /* CommonRecommendCarResultTableViewModel.swift in Sources */ = {isa = PBXBuildFile; fileRef = 15D8CC8E2A892A38009B19B9 /* CommonRecommendCarResultTableViewModel.swift */; };
		15D8CC922A892A62009B19B9 /* CommonRecommendCarResultTableViewAdapterDataSource.swift in Sources */ = {isa = PBXBuildFile; fileRef = 15D8CC912A892A62009B19B9 /* CommonRecommendCarResultTableViewAdapterDataSource.swift */; };
		15D8CC952A892F63009B19B9 /* CommonRecommendCarResultTableViewAdapter.swift in Sources */ = {isa = PBXBuildFile; fileRef = 15D8CC942A892F63009B19B9 /* CommonRecommendCarResultTableViewAdapter.swift */; };
		15D8CC972A894C66009B19B9 /* DetailRecommendCarResultTableView.swift in Sources */ = {isa = PBXBuildFile; fileRef = 15D8CC962A894C66009B19B9 /* DetailRecommendCarResultTableView.swift */; };
		15DF95862A7B94E00093EAC7 /* HyundaiSansHeadKRMedium.ttf in Resources */ = {isa = PBXBuildFile; fileRef = 15DF957F2A7B94E00093EAC7 /* HyundaiSansHeadKRMedium.ttf */; };
		15DF95872A7B94E00093EAC7 /* HyundaiSansHeadKRBold.ttf in Resources */ = {isa = PBXBuildFile; fileRef = 15DF95802A7B94E00093EAC7 /* HyundaiSansHeadKRBold.ttf */; };
		15DF95882A7B94E00093EAC7 /* HyundaiSansTextKRMedium.ttf in Resources */ = {isa = PBXBuildFile; fileRef = 15DF95822A7B94E00093EAC7 /* HyundaiSansTextKRMedium.ttf */; };
		15DF95892A7B94E00093EAC7 /* HyundaiSansTextKRBold.ttf in Resources */ = {isa = PBXBuildFile; fileRef = 15DF95832A7B94E00093EAC7 /* HyundaiSansTextKRBold.ttf */; };
		15DF958A2A7B94E00093EAC7 /* HyundaiSansTextKRRegular.ttf in Resources */ = {isa = PBXBuildFile; fileRef = 15DF95842A7B94E00093EAC7 /* HyundaiSansTextKRRegular.ttf */; };
		15DF958B2A7B94E00093EAC7 /* Home_mp4.mp4 in Resources */ = {isa = PBXBuildFile; fileRef = 15DF95852A7B94E00093EAC7 /* Home_mp4.mp4 */; };
		15DF958E2A7C89630093EAC7 /* UILayout.swift in Sources */ = {isa = PBXBuildFile; fileRef = 15DF958D2A7C89630093EAC7 /* UILayout.swift */; };
		15DF95912A7C89A60093EAC7 /* LayoutSupportable.swift in Sources */ = {isa = PBXBuildFile; fileRef = 15DF95902A7C89A60093EAC7 /* LayoutSupportable.swift */; };
		15DF95932A7C89BC0093EAC7 /* ConvenienceInit.swift in Sources */ = {isa = PBXBuildFile; fileRef = 15DF95922A7C89BC0093EAC7 /* ConvenienceInit.swift */; };
		15DF95952A7C89DF0093EAC7 /* GetYaFont.swift in Sources */ = {isa = PBXBuildFile; fileRef = 15DF95942A7C89DF0093EAC7 /* GetYaFont.swift */; };
		15DF95972A7C89F50093EAC7 /* UIColor+GetYaPalette.swift in Sources */ = {isa = PBXBuildFile; fileRef = 15DF95962A7C89F50093EAC7 /* UIColor+GetYaPalette.swift */; };
		15DF95992A7C8A110093EAC7 /* UIView+.swift in Sources */ = {isa = PBXBuildFile; fileRef = 15DF95982A7C8A110093EAC7 /* UIView+.swift */; };
		15DF959B2A7C8A1D0093EAC7 /* UIFont+.swift in Sources */ = {isa = PBXBuildFile; fileRef = 15DF959A2A7C8A1D0093EAC7 /* UIFont+.swift */; };
		15DF959D2A7C8A330093EAC7 /* NSMutableAttributedString+.swift in Sources */ = {isa = PBXBuildFile; fileRef = 15DF959C2A7C8A330093EAC7 /* NSMutableAttributedString+.swift */; };
		6412D07A2A7E57B0001E4005 /* HyundaiSansHeadKRRegular.ttf in Resources */ = {isa = PBXBuildFile; fileRef = 6412D0792A7E57B0001E4005 /* HyundaiSansHeadKRRegular.ttf */; };
		6412D07C2A7E607D001E4005 /* LifeStyleCell.swift in Sources */ = {isa = PBXBuildFile; fileRef = 6412D07B2A7E607D001E4005 /* LifeStyleCell.swift */; };
		6412D07E2A7E6A6A001E4005 /* TagView.swift in Sources */ = {isa = PBXBuildFile; fileRef = 6412D07D2A7E6A6A001E4005 /* TagView.swift */; };
		6412D0802A7F75DB001E4005 /* LifeStyleViewController.swift in Sources */ = {isa = PBXBuildFile; fileRef = 6412D07F2A7F75DB001E4005 /* LifeStyleViewController.swift */; };
		6412D0842A80ABCA001E4005 /* QuestionNumberView.swift in Sources */ = {isa = PBXBuildFile; fileRef = 6412D0832A80ABCA001E4005 /* QuestionNumberView.swift */; };
		6412D0862A80AC92001E4005 /* LifeStyleDetailCell.swift in Sources */ = {isa = PBXBuildFile; fileRef = 6412D0852A80AC92001E4005 /* LifeStyleDetailCell.swift */; };
		6412D0882A80C385001E4005 /* AgeViewController.swift in Sources */ = {isa = PBXBuildFile; fileRef = 6412D0872A80C385001E4005 /* AgeViewController.swift */; };
		6412D08A2A80C419001E4005 /* QuestionContentView.swift in Sources */ = {isa = PBXBuildFile; fileRef = 6412D0892A80C419001E4005 /* QuestionContentView.swift */; };
		6412D08C2A81E5C1001E4005 /* LifeStylePeekViewController.swift in Sources */ = {isa = PBXBuildFile; fileRef = 6412D08B2A81E5C1001E4005 /* LifeStylePeekViewController.swift */; };
		6412D08E2A81F1FB001E4005 /* DetailLifeStyleSelectViewController.swift in Sources */ = {isa = PBXBuildFile; fileRef = 6412D08D2A81F1FB001E4005 /* DetailLifeStyleSelectViewController.swift */; };
		6412D0922A822D5A001E4005 /* LifeStylePeekContentView.swift in Sources */ = {isa = PBXBuildFile; fileRef = 6412D0912A822D5A001E4005 /* LifeStylePeekContentView.swift */; };
		6412D0942A823A89001E4005 /* PeekTagView.swift in Sources */ = {isa = PBXBuildFile; fileRef = 6412D0932A823A89001E4005 /* PeekTagView.swift */; };
		6412D0982A8323CD001E4005 /* CommonTextView.swift in Sources */ = {isa = PBXBuildFile; fileRef = 6412D0972A8323CD001E4005 /* CommonTextView.swift */; };
		6412D09A2A8332E5001E4005 /* PeekQuestionView.swift in Sources */ = {isa = PBXBuildFile; fileRef = 6412D0992A8332E5001E4005 /* PeekQuestionView.swift */; };
		6412D09D2A8387E6001E4005 /* TooltipView.swift in Sources */ = {isa = PBXBuildFile; fileRef = 6412D09C2A8387E6001E4005 /* TooltipView.swift */; };
		6412D09F2A84AB89001E4005 /* TrimSubOptionView.swift in Sources */ = {isa = PBXBuildFile; fileRef = 6412D09E2A84AB89001E4005 /* TrimSubOptionView.swift */; };
		6412D0A12A84B369001E4005 /* TrimSubOptionButton.swift in Sources */ = {isa = PBXBuildFile; fileRef = 6412D0A02A84B369001E4005 /* TrimSubOptionButton.swift */; };
		6412D0A32A84D41A001E4005 /* TrimSubOptionContentView.swift in Sources */ = {isa = PBXBuildFile; fileRef = 6412D0A22A84D41A001E4005 /* TrimSubOptionContentView.swift */; };
		6412D0A52A84E7E1001E4005 /* TrimTooltipView.swift in Sources */ = {isa = PBXBuildFile; fileRef = 6412D0A42A84E7E1001E4005 /* TrimTooltipView.swift */; };
		6412D0A72A8511AE001E4005 /* LearnMoreView.swift in Sources */ = {isa = PBXBuildFile; fileRef = 6412D0A62A8511AE001E4005 /* LearnMoreView.swift */; };
		6412D0A92A85CFBB001E4005 /* TrimOptionContentCell.swift in Sources */ = {isa = PBXBuildFile; fileRef = 6412D0A82A85CFBB001E4005 /* TrimOptionContentCell.swift */; };
		6412D0B12A872933001E4005 /* TrimLearnMoreView.swift in Sources */ = {isa = PBXBuildFile; fileRef = 6412D0B02A872933001E4005 /* TrimLearnMoreView.swift */; };
		6412D0B32A87337C001E4005 /* TrimOptionDetailView.swift in Sources */ = {isa = PBXBuildFile; fileRef = 6412D0B22A87337C001E4005 /* TrimOptionDetailView.swift */; };
		6412D0B52A8738E3001E4005 /* TrimOptionDetailColorCollectionView.swift in Sources */ = {isa = PBXBuildFile; fileRef = 6412D0B42A8738E3001E4005 /* TrimOptionDetailColorCollectionView.swift */; };
		6412D0B72A87398F001E4005 /* TrimOptionDetailColorCell.swift in Sources */ = {isa = PBXBuildFile; fileRef = 6412D0B62A87398F001E4005 /* TrimOptionDetailColorCell.swift */; };
		6412D0B92A878A86001E4005 /* TrimOptionContentCollectionView.swift in Sources */ = {isa = PBXBuildFile; fileRef = 6412D0B82A878A86001E4005 /* TrimOptionContentCollectionView.swift */; };
		6412D0BB2A8792E7001E4005 /* TrimOptionDetailOptionCollectionView.swift in Sources */ = {isa = PBXBuildFile; fileRef = 6412D0BA2A8792E7001E4005 /* TrimOptionDetailOptionCollectionView.swift */; };
		6412D0BD2A8792F4001E4005 /* TrimOptionDetailOptionCell.swift in Sources */ = {isa = PBXBuildFile; fileRef = 6412D0BC2A8792F4001E4005 /* TrimOptionDetailOptionCell.swift */; };
		6412D0BF2A87C248001E4005 /* CommonPaddingLabel.swift in Sources */ = {isa = PBXBuildFile; fileRef = 6412D0BE2A87C248001E4005 /* CommonPaddingLabel.swift */; };
		641AB51E2A7B7CDF00CF88C0 /* TrimSelectViewController.swift in Sources */ = {isa = PBXBuildFile; fileRef = 641AB51D2A7B7CDF00CF88C0 /* TrimSelectViewController.swift */; };
		641AB5202A7B7CF400CF88C0 /* CharacterSelectViewController.swift in Sources */ = {isa = PBXBuildFile; fileRef = 641AB51F2A7B7CF400CF88C0 /* CharacterSelectViewController.swift */; };
		641AB5222A7B7D2A00CF88C0 /* HomeContentView.swift in Sources */ = {isa = PBXBuildFile; fileRef = 641AB5212A7B7D2A00CF88C0 /* HomeContentView.swift */; };
		641AB5242A7B821D00CF88C0 /* HomeContentDelegate.swift in Sources */ = {isa = PBXBuildFile; fileRef = 641AB5232A7B821D00CF88C0 /* HomeContentDelegate.swift */; };
		641AB5262A7BA07300CF88C0 /* CheckListStackView.swift in Sources */ = {isa = PBXBuildFile; fileRef = 641AB5252A7BA07300CF88C0 /* CheckListStackView.swift */; };
		641AB5282A7BA0F300CF88C0 /* CheckListItemView.swift in Sources */ = {isa = PBXBuildFile; fileRef = 641AB5272A7BA0F300CF88C0 /* CheckListItemView.swift */; };
		64ADA4402A7787770003E2C1 /* AppDelegate.swift in Sources */ = {isa = PBXBuildFile; fileRef = 64ADA43F2A7787770003E2C1 /* AppDelegate.swift */; };
		64ADA4422A7787770003E2C1 /* SceneDelegate.swift in Sources */ = {isa = PBXBuildFile; fileRef = 64ADA4412A7787770003E2C1 /* SceneDelegate.swift */; };
		64ADA4442A7787770003E2C1 /* ViewController.swift in Sources */ = {isa = PBXBuildFile; fileRef = 64ADA4432A7787770003E2C1 /* ViewController.swift */; };
		64ADA4492A7787780003E2C1 /* Assets.xcassets in Resources */ = {isa = PBXBuildFile; fileRef = 64ADA4482A7787780003E2C1 /* Assets.xcassets */; };
		64ADA44C2A7787780003E2C1 /* LaunchScreen.storyboard in Resources */ = {isa = PBXBuildFile; fileRef = 64ADA44A2A7787780003E2C1 /* LaunchScreen.storyboard */; };
		64ADA4572A7787780003E2C1 /* GetYaTests.swift in Sources */ = {isa = PBXBuildFile; fileRef = 64ADA4562A7787780003E2C1 /* GetYaTests.swift */; };
		64ADA4612A7787780003E2C1 /* GetYaUITests.swift in Sources */ = {isa = PBXBuildFile; fileRef = 64ADA4602A7787780003E2C1 /* GetYaUITests.swift */; };
		64ADA4632A7787780003E2C1 /* GetYaUITestsLaunchTests.swift in Sources */ = {isa = PBXBuildFile; fileRef = 64ADA4622A7787780003E2C1 /* GetYaUITestsLaunchTests.swift */; };
		64ADA4852A77887E0003E2C1 /* AppCoordinator.swift in Sources */ = {isa = PBXBuildFile; fileRef = 64ADA4842A77887E0003E2C1 /* AppCoordinator.swift */; };
		64ADA4872A7788840003E2C1 /* DTO.swift in Sources */ = {isa = PBXBuildFile; fileRef = 64ADA4862A7788840003E2C1 /* DTO.swift */; };
		64ADA4892A77888C0003E2C1 /* RepositoyProtocol.swift in Sources */ = {isa = PBXBuildFile; fileRef = 64ADA4882A77888C0003E2C1 /* RepositoyProtocol.swift */; };
		64ADA48B2A7788900003E2C1 /* Entity.swift in Sources */ = {isa = PBXBuildFile; fileRef = 64ADA48A2A7788900003E2C1 /* Entity.swift */; };
		64ADA48D2A77889D0003E2C1 /* Protocol.swift in Sources */ = {isa = PBXBuildFile; fileRef = 64ADA48C2A77889D0003E2C1 /* Protocol.swift */; };
		64ADA48F2A7788AA0003E2C1 /* PresentationCoordinator.swift in Sources */ = {isa = PBXBuildFile; fileRef = 64ADA48E2A7788AA0003E2C1 /* PresentationCoordinator.swift */; };
		64ADA4912A7788B00003E2C1 /* CommonProtocl.swift in Sources */ = {isa = PBXBuildFile; fileRef = 64ADA4902A7788B00003E2C1 /* CommonProtocl.swift */; };
		64ADA4932A7788B60003E2C1 /* CommonView.swift in Sources */ = {isa = PBXBuildFile; fileRef = 64ADA4922A7788B60003E2C1 /* CommonView.swift */; };
		64ADA4952A7788BC0003E2C1 /* CommonViewModel.swift in Sources */ = {isa = PBXBuildFile; fileRef = 64ADA4942A7788BC0003E2C1 /* CommonViewModel.swift */; };
		64ADA4972A7788C10003E2C1 /* Etc.swift in Sources */ = {isa = PBXBuildFile; fileRef = 64ADA4962A7788C10003E2C1 /* Etc.swift */; };
		64ADA4992A7788C70003E2C1 /* Enum.swift in Sources */ = {isa = PBXBuildFile; fileRef = 64ADA4982A7788C70003E2C1 /* Enum.swift */; };
		64ADA49D2A7788D00003E2C1 /* Service.swift in Sources */ = {isa = PBXBuildFile; fileRef = 64ADA49C2A7788D00003E2C1 /* Service.swift */; };
		64ADA49F2A77890B0003E2C1 /* .swiftLint.yml in Resources */ = {isa = PBXBuildFile; fileRef = 64ADA49E2A77890B0003E2C1 /* .swiftLint.yml */; };
		64ADA4A52A789C5A0003E2C1 /* HomeViewController.swift in Sources */ = {isa = PBXBuildFile; fileRef = 64ADA4A42A789C5A0003E2C1 /* HomeViewController.swift */; };
		64ADA4AB2A78A4080003E2C1 /* HomeNavigationViewController.swift in Sources */ = {isa = PBXBuildFile; fileRef = 64ADA4AA2A78A4080003E2C1 /* HomeNavigationViewController.swift */; };
		64ADA4AD2A78A7090003E2C1 /* CommonButton.swift in Sources */ = {isa = PBXBuildFile; fileRef = 64ADA4AC2A78A7090003E2C1 /* CommonButton.swift */; };
		64ADA4B12A78F82A0003E2C1 /* CGFloat+.swift in Sources */ = {isa = PBXBuildFile; fileRef = 64ADA4B02A78F82A0003E2C1 /* CGFloat+.swift */; };
		64ADA4B82A7A1BF20003E2C1 /* CommonOptionImageView.swift in Sources */ = {isa = PBXBuildFile; fileRef = 64ADA4B72A7A1BF20003E2C1 /* CommonOptionImageView.swift */; };
		64ADA4BA2A7A21520003E2C1 /* CommonOptionView.swift in Sources */ = {isa = PBXBuildFile; fileRef = 64ADA4B92A7A21520003E2C1 /* CommonOptionView.swift */; };
		64ADA4BC2A7A22780003E2C1 /* CommonLabel.swift in Sources */ = {isa = PBXBuildFile; fileRef = 64ADA4BB2A7A22780003E2C1 /* CommonLabel.swift */; };
		64ADA4BE2A7A26090003E2C1 /* Int+.swift in Sources */ = {isa = PBXBuildFile; fileRef = 64ADA4BD2A7A26090003E2C1 /* Int+.swift */; };
		64ADA4C02A7A28AA0003E2C1 /* UIColor+.swift in Sources */ = {isa = PBXBuildFile; fileRef = 64ADA4BF2A7A28AA0003E2C1 /* UIColor+.swift */; };
		64ADA4C22A7A2DAC0003E2C1 /* CommonPageControl.swift in Sources */ = {isa = PBXBuildFile; fileRef = 64ADA4C12A7A2DAC0003E2C1 /* CommonPageControl.swift */; };
		64ADA4C42A7A32950003E2C1 /* CommonOptionSelectButton.swift in Sources */ = {isa = PBXBuildFile; fileRef = 64ADA4C32A7A32950003E2C1 /* CommonOptionSelectButton.swift */; };
/* End PBXBuildFile section */

/* Begin PBXContainerItemProxy section */
		64ADA4532A7787780003E2C1 /* PBXContainerItemProxy */ = {
			isa = PBXContainerItemProxy;
			containerPortal = 64ADA4342A7787770003E2C1 /* Project object */;
			proxyType = 1;
			remoteGlobalIDString = 64ADA43B2A7787770003E2C1;
			remoteInfo = GetYa;
		};
		64ADA45D2A7787780003E2C1 /* PBXContainerItemProxy */ = {
			isa = PBXContainerItemProxy;
			containerPortal = 64ADA4342A7787770003E2C1 /* Project object */;
			proxyType = 1;
			remoteGlobalIDString = 64ADA43B2A7787770003E2C1;
			remoteInfo = GetYa;
		};
/* End PBXContainerItemProxy section */

/* Begin PBXFileReference section */
		15059ABF2A88A54200303C01 /* CommonRecommendCarResultCarInfoView.swift */ = {isa = PBXFileReference; lastKnownFileType = sourcecode.swift; path = CommonRecommendCarResultCarInfoView.swift; sourceTree = "<group>"; };
		155729FE2A89563200D136C6 /* DetailRecommendCarResultMainHeaderModel+Mock.swift */ = {isa = PBXFileReference; fileEncoding = 4; lastKnownFileType = sourcecode.swift; path = "DetailRecommendCarResultMainHeaderModel+Mock.swift"; sourceTree = "<group>"; };
		155DDD042A82D040009AE2BC /* DetailRecommendCarResultViewModel.swift */ = {isa = PBXFileReference; lastKnownFileType = sourcecode.swift; path = DetailRecommendCarResultViewModel.swift; sourceTree = "<group>"; };
		155DDD062A82D3B2009AE2BC /* DetailRecommendCarResultViewModelable.swift */ = {isa = PBXFileReference; lastKnownFileType = sourcecode.swift; path = DetailRecommendCarResultViewModelable.swift; sourceTree = "<group>"; };
		155DDD092A835FEF009AE2BC /* DetailRecommendCarResultSecondSectionHeader.swift */ = {isa = PBXFileReference; lastKnownFileType = sourcecode.swift; path = DetailRecommendCarResultSecondSectionHeader.swift; sourceTree = "<group>"; };
		155DDD0D2A840F7D009AE2BC /* DetailRecommendCarResultSectionHeaders.swift */ = {isa = PBXFileReference; lastKnownFileType = sourcecode.swift; path = DetailRecommendCarResultSectionHeaders.swift; sourceTree = "<group>"; };
		155DDD0F2A846077009AE2BC /* RecommendCarInfoModel+Mock.swift */ = {isa = PBXFileReference; lastKnownFileType = sourcecode.swift; path = "RecommendCarInfoModel+Mock.swift"; sourceTree = "<group>"; };
		155DDD112A84610A009AE2BC /* DetailRecommendCarProductOptionModel+Mock.swift */ = {isa = PBXFileReference; lastKnownFileType = sourcecode.swift; path = "DetailRecommendCarProductOptionModel+Mock.swift"; sourceTree = "<group>"; };
		155DDD152A84A808009AE2BC /* DetailRecommendCarResultFooter.swift */ = {isa = PBXFileReference; lastKnownFileType = sourcecode.swift; path = DetailRecommendCarResultFooter.swift; sourceTree = "<group>"; };
		155DDD172A855182009AE2BC /* LeftAndRightButtonsView.swift */ = {isa = PBXFileReference; lastKnownFileType = sourcecode.swift; path = LeftAndRightButtonsView.swift; sourceTree = "<group>"; };
		155DDD1B2A85E2CE009AE2BC /* CustomOrQuoteSelectView.swift */ = {isa = PBXFileReference; lastKnownFileType = sourcecode.swift; path = CustomOrQuoteSelectView.swift; sourceTree = "<group>"; };
		155EAB362A7F5FCD00833B0E /* ProgressView.swift */ = {isa = PBXFileReference; lastKnownFileType = sourcecode.swift; path = ProgressView.swift; sourceTree = "<group>"; };
		155EAB392A80824B00833B0E /* DetailRecommendCarResultViewController.swift */ = {isa = PBXFileReference; lastKnownFileType = sourcecode.swift; path = DetailRecommendCarResultViewController.swift; sourceTree = "<group>"; };
		155EAB3E2A80F14900833B0E /* CommonRecommendCarResultSectionDividerTitleView.swift */ = {isa = PBXFileReference; lastKnownFileType = sourcecode.swift; path = CommonRecommendCarResultSectionDividerTitleView.swift; sourceTree = "<group>"; };
		155EAB422A81163300833B0E /* DetailRecommendCarResultThumbnailView.swift */ = {isa = PBXFileReference; lastKnownFileType = sourcecode.swift; path = DetailRecommendCarResultThumbnailView.swift; sourceTree = "<group>"; };
		155EAB452A81F0AF00833B0E /* DetailRecommendCarResultMainHeader.swift */ = {isa = PBXFileReference; lastKnownFileType = sourcecode.swift; path = DetailRecommendCarResultMainHeader.swift; sourceTree = "<group>"; };
		155ED71B2A7E5A510052896A /* UIControl+CombineInteractionSubscription.swift */ = {isa = PBXFileReference; lastKnownFileType = sourcecode.swift; path = "UIControl+CombineInteractionSubscription.swift"; sourceTree = "<group>"; };
		155ED71D2A7E5AD60052896A /* UIControl+Publihser.swift */ = {isa = PBXFileReference; lastKnownFileType = sourcecode.swift; path = "UIControl+Publihser.swift"; sourceTree = "<group>"; };
		155ED71F2A7E5B890052896A /* UIButton+Combine.swift */ = {isa = PBXFileReference; lastKnownFileType = sourcecode.swift; path = "UIButton+Combine.swift"; sourceTree = "<group>"; };
		155ED7212A7E5BE50052896A /* UITextField+Combine.swift */ = {isa = PBXFileReference; lastKnownFileType = sourcecode.swift; path = "UITextField+Combine.swift"; sourceTree = "<group>"; };
		155ED7232A7E6D5A0052896A /* ViewModelable.swift */ = {isa = PBXFileReference; lastKnownFileType = sourcecode.swift; path = ViewModelable.swift; sourceTree = "<group>"; };
		155ED7252A7E6DB30052896A /* ViewBindable.swift */ = {isa = PBXFileReference; lastKnownFileType = sourcecode.swift; path = ViewBindable.swift; sourceTree = "<group>"; };
		15837B9C2A7E5931000FE728 /* UIControl+CombineInteractionPublisher.swift */ = {isa = PBXFileReference; lastKnownFileType = sourcecode.swift; path = "UIControl+CombineInteractionPublisher.swift"; sourceTree = "<group>"; };
		159B2CF32A82374E003F47D6 /* DetailRecommendCarResultTableViewAdapter.swift */ = {isa = PBXFileReference; lastKnownFileType = sourcecode.swift; path = DetailRecommendCarResultTableViewAdapter.swift; sourceTree = "<group>"; };
		159B2CF82A825D07003F47D6 /* DetailRecommendCarResultTableViewAdapterDataSource.swift */ = {isa = PBXFileReference; lastKnownFileType = sourcecode.swift; path = DetailRecommendCarResultTableViewAdapterDataSource.swift; sourceTree = "<group>"; };
		159B2CFD2A825F5F003F47D6 /* CommonRecommendCarResultTableViewCell.swift */ = {isa = PBXFileReference; lastKnownFileType = sourcecode.swift; path = CommonRecommendCarResultTableViewCell.swift; sourceTree = "<group>"; };
		15D8CC8B2A89242B009B19B9 /* CommonRecommendCarResultTableView.swift */ = {isa = PBXFileReference; lastKnownFileType = sourcecode.swift; path = CommonRecommendCarResultTableView.swift; sourceTree = "<group>"; };
		15D8CC8E2A892A38009B19B9 /* CommonRecommendCarResultTableViewModel.swift */ = {isa = PBXFileReference; lastKnownFileType = sourcecode.swift; path = CommonRecommendCarResultTableViewModel.swift; sourceTree = "<group>"; };
		15D8CC912A892A62009B19B9 /* CommonRecommendCarResultTableViewAdapterDataSource.swift */ = {isa = PBXFileReference; lastKnownFileType = sourcecode.swift; path = CommonRecommendCarResultTableViewAdapterDataSource.swift; sourceTree = "<group>"; };
		15D8CC942A892F63009B19B9 /* CommonRecommendCarResultTableViewAdapter.swift */ = {isa = PBXFileReference; lastKnownFileType = sourcecode.swift; path = CommonRecommendCarResultTableViewAdapter.swift; sourceTree = "<group>"; };
		15D8CC962A894C66009B19B9 /* DetailRecommendCarResultTableView.swift */ = {isa = PBXFileReference; lastKnownFileType = sourcecode.swift; path = DetailRecommendCarResultTableView.swift; sourceTree = "<group>"; };
		15DF957F2A7B94E00093EAC7 /* HyundaiSansHeadKRMedium.ttf */ = {isa = PBXFileReference; lastKnownFileType = file; path = HyundaiSansHeadKRMedium.ttf; sourceTree = "<group>"; };
		15DF95802A7B94E00093EAC7 /* HyundaiSansHeadKRBold.ttf */ = {isa = PBXFileReference; lastKnownFileType = file; path = HyundaiSansHeadKRBold.ttf; sourceTree = "<group>"; };
		15DF95822A7B94E00093EAC7 /* HyundaiSansTextKRMedium.ttf */ = {isa = PBXFileReference; lastKnownFileType = file; path = HyundaiSansTextKRMedium.ttf; sourceTree = "<group>"; };
		15DF95832A7B94E00093EAC7 /* HyundaiSansTextKRBold.ttf */ = {isa = PBXFileReference; lastKnownFileType = file; path = HyundaiSansTextKRBold.ttf; sourceTree = "<group>"; };
		15DF95842A7B94E00093EAC7 /* HyundaiSansTextKRRegular.ttf */ = {isa = PBXFileReference; lastKnownFileType = file; path = HyundaiSansTextKRRegular.ttf; sourceTree = "<group>"; };
		15DF95852A7B94E00093EAC7 /* Home_mp4.mp4 */ = {isa = PBXFileReference; lastKnownFileType = file; path = Home_mp4.mp4; sourceTree = "<group>"; };
		15DF958D2A7C89630093EAC7 /* UILayout.swift */ = {isa = PBXFileReference; lastKnownFileType = sourcecode.swift; path = UILayout.swift; sourceTree = "<group>"; };
		15DF95902A7C89A60093EAC7 /* LayoutSupportable.swift */ = {isa = PBXFileReference; lastKnownFileType = sourcecode.swift; path = LayoutSupportable.swift; sourceTree = "<group>"; };
		15DF95922A7C89BC0093EAC7 /* ConvenienceInit.swift */ = {isa = PBXFileReference; lastKnownFileType = sourcecode.swift; path = ConvenienceInit.swift; sourceTree = "<group>"; };
		15DF95942A7C89DF0093EAC7 /* GetYaFont.swift */ = {isa = PBXFileReference; lastKnownFileType = sourcecode.swift; path = GetYaFont.swift; sourceTree = "<group>"; };
		15DF95962A7C89F50093EAC7 /* UIColor+GetYaPalette.swift */ = {isa = PBXFileReference; lastKnownFileType = sourcecode.swift; path = "UIColor+GetYaPalette.swift"; sourceTree = "<group>"; };
		15DF95982A7C8A110093EAC7 /* UIView+.swift */ = {isa = PBXFileReference; lastKnownFileType = sourcecode.swift; path = "UIView+.swift"; sourceTree = "<group>"; };
		15DF959A2A7C8A1D0093EAC7 /* UIFont+.swift */ = {isa = PBXFileReference; lastKnownFileType = sourcecode.swift; path = "UIFont+.swift"; sourceTree = "<group>"; };
		15DF959C2A7C8A330093EAC7 /* NSMutableAttributedString+.swift */ = {isa = PBXFileReference; lastKnownFileType = sourcecode.swift; path = "NSMutableAttributedString+.swift"; sourceTree = "<group>"; };
		6412D0792A7E57B0001E4005 /* HyundaiSansHeadKRRegular.ttf */ = {isa = PBXFileReference; lastKnownFileType = file; path = HyundaiSansHeadKRRegular.ttf; sourceTree = "<group>"; };
		6412D07B2A7E607D001E4005 /* LifeStyleCell.swift */ = {isa = PBXFileReference; lastKnownFileType = sourcecode.swift; path = LifeStyleCell.swift; sourceTree = "<group>"; };
		6412D07D2A7E6A6A001E4005 /* TagView.swift */ = {isa = PBXFileReference; lastKnownFileType = sourcecode.swift; path = TagView.swift; sourceTree = "<group>"; };
		6412D07F2A7F75DB001E4005 /* LifeStyleViewController.swift */ = {isa = PBXFileReference; lastKnownFileType = sourcecode.swift; path = LifeStyleViewController.swift; sourceTree = "<group>"; };
		6412D0832A80ABCA001E4005 /* QuestionNumberView.swift */ = {isa = PBXFileReference; lastKnownFileType = sourcecode.swift; path = QuestionNumberView.swift; sourceTree = "<group>"; };
		6412D0852A80AC92001E4005 /* LifeStyleDetailCell.swift */ = {isa = PBXFileReference; lastKnownFileType = sourcecode.swift; path = LifeStyleDetailCell.swift; sourceTree = "<group>"; };
		6412D0872A80C385001E4005 /* AgeViewController.swift */ = {isa = PBXFileReference; lastKnownFileType = sourcecode.swift; path = AgeViewController.swift; sourceTree = "<group>"; };
		6412D0892A80C419001E4005 /* QuestionContentView.swift */ = {isa = PBXFileReference; lastKnownFileType = sourcecode.swift; path = QuestionContentView.swift; sourceTree = "<group>"; };
		6412D08B2A81E5C1001E4005 /* LifeStylePeekViewController.swift */ = {isa = PBXFileReference; lastKnownFileType = sourcecode.swift; path = LifeStylePeekViewController.swift; sourceTree = "<group>"; };
		6412D08D2A81F1FB001E4005 /* DetailLifeStyleSelectViewController.swift */ = {isa = PBXFileReference; lastKnownFileType = sourcecode.swift; path = DetailLifeStyleSelectViewController.swift; sourceTree = "<group>"; };
		6412D0912A822D5A001E4005 /* LifeStylePeekContentView.swift */ = {isa = PBXFileReference; lastKnownFileType = sourcecode.swift; path = LifeStylePeekContentView.swift; sourceTree = "<group>"; };
		6412D0932A823A89001E4005 /* PeekTagView.swift */ = {isa = PBXFileReference; lastKnownFileType = sourcecode.swift; path = PeekTagView.swift; sourceTree = "<group>"; };
		6412D0972A8323CD001E4005 /* CommonTextView.swift */ = {isa = PBXFileReference; lastKnownFileType = sourcecode.swift; path = CommonTextView.swift; sourceTree = "<group>"; };
		6412D0992A8332E5001E4005 /* PeekQuestionView.swift */ = {isa = PBXFileReference; lastKnownFileType = sourcecode.swift; path = PeekQuestionView.swift; sourceTree = "<group>"; };
		6412D09C2A8387E6001E4005 /* TooltipView.swift */ = {isa = PBXFileReference; lastKnownFileType = sourcecode.swift; path = TooltipView.swift; sourceTree = "<group>"; };
		6412D09E2A84AB89001E4005 /* TrimSubOptionView.swift */ = {isa = PBXFileReference; lastKnownFileType = sourcecode.swift; path = TrimSubOptionView.swift; sourceTree = "<group>"; };
		6412D0A02A84B369001E4005 /* TrimSubOptionButton.swift */ = {isa = PBXFileReference; lastKnownFileType = sourcecode.swift; path = TrimSubOptionButton.swift; sourceTree = "<group>"; };
		6412D0A22A84D41A001E4005 /* TrimSubOptionContentView.swift */ = {isa = PBXFileReference; lastKnownFileType = sourcecode.swift; path = TrimSubOptionContentView.swift; sourceTree = "<group>"; };
		6412D0A42A84E7E1001E4005 /* TrimTooltipView.swift */ = {isa = PBXFileReference; lastKnownFileType = sourcecode.swift; path = TrimTooltipView.swift; sourceTree = "<group>"; };
		6412D0A62A8511AE001E4005 /* LearnMoreView.swift */ = {isa = PBXFileReference; lastKnownFileType = sourcecode.swift; path = LearnMoreView.swift; sourceTree = "<group>"; };
		6412D0A82A85CFBB001E4005 /* TrimOptionContentCell.swift */ = {isa = PBXFileReference; lastKnownFileType = sourcecode.swift; path = TrimOptionContentCell.swift; sourceTree = "<group>"; };
		6412D0B02A872933001E4005 /* TrimLearnMoreView.swift */ = {isa = PBXFileReference; lastKnownFileType = sourcecode.swift; path = TrimLearnMoreView.swift; sourceTree = "<group>"; };
		6412D0B22A87337C001E4005 /* TrimOptionDetailView.swift */ = {isa = PBXFileReference; lastKnownFileType = sourcecode.swift; path = TrimOptionDetailView.swift; sourceTree = "<group>"; };
		6412D0B42A8738E3001E4005 /* TrimOptionDetailColorCollectionView.swift */ = {isa = PBXFileReference; lastKnownFileType = sourcecode.swift; path = TrimOptionDetailColorCollectionView.swift; sourceTree = "<group>"; };
		6412D0B62A87398F001E4005 /* TrimOptionDetailColorCell.swift */ = {isa = PBXFileReference; lastKnownFileType = sourcecode.swift; path = TrimOptionDetailColorCell.swift; sourceTree = "<group>"; };
		6412D0B82A878A86001E4005 /* TrimOptionContentCollectionView.swift */ = {isa = PBXFileReference; lastKnownFileType = sourcecode.swift; path = TrimOptionContentCollectionView.swift; sourceTree = "<group>"; };
		6412D0BA2A8792E7001E4005 /* TrimOptionDetailOptionCollectionView.swift */ = {isa = PBXFileReference; lastKnownFileType = sourcecode.swift; path = TrimOptionDetailOptionCollectionView.swift; sourceTree = "<group>"; };
		6412D0BC2A8792F4001E4005 /* TrimOptionDetailOptionCell.swift */ = {isa = PBXFileReference; lastKnownFileType = sourcecode.swift; path = TrimOptionDetailOptionCell.swift; sourceTree = "<group>"; };
		6412D0BE2A87C248001E4005 /* CommonPaddingLabel.swift */ = {isa = PBXFileReference; lastKnownFileType = sourcecode.swift; path = CommonPaddingLabel.swift; sourceTree = "<group>"; };
		641AB51D2A7B7CDF00CF88C0 /* TrimSelectViewController.swift */ = {isa = PBXFileReference; lastKnownFileType = sourcecode.swift; path = TrimSelectViewController.swift; sourceTree = "<group>"; };
		641AB51F2A7B7CF400CF88C0 /* CharacterSelectViewController.swift */ = {isa = PBXFileReference; lastKnownFileType = sourcecode.swift; path = CharacterSelectViewController.swift; sourceTree = "<group>"; };
		641AB5212A7B7D2A00CF88C0 /* HomeContentView.swift */ = {isa = PBXFileReference; lastKnownFileType = sourcecode.swift; path = HomeContentView.swift; sourceTree = "<group>"; };
		641AB5232A7B821D00CF88C0 /* HomeContentDelegate.swift */ = {isa = PBXFileReference; lastKnownFileType = sourcecode.swift; path = HomeContentDelegate.swift; sourceTree = "<group>"; };
		641AB5252A7BA07300CF88C0 /* CheckListStackView.swift */ = {isa = PBXFileReference; lastKnownFileType = sourcecode.swift; path = CheckListStackView.swift; sourceTree = "<group>"; };
		641AB5272A7BA0F300CF88C0 /* CheckListItemView.swift */ = {isa = PBXFileReference; lastKnownFileType = sourcecode.swift; path = CheckListItemView.swift; sourceTree = "<group>"; };
		64ADA43C2A7787770003E2C1 /* GetYa.app */ = {isa = PBXFileReference; explicitFileType = wrapper.application; includeInIndex = 0; path = GetYa.app; sourceTree = BUILT_PRODUCTS_DIR; };
		64ADA43F2A7787770003E2C1 /* AppDelegate.swift */ = {isa = PBXFileReference; lastKnownFileType = sourcecode.swift; path = AppDelegate.swift; sourceTree = "<group>"; };
		64ADA4412A7787770003E2C1 /* SceneDelegate.swift */ = {isa = PBXFileReference; lastKnownFileType = sourcecode.swift; path = SceneDelegate.swift; sourceTree = "<group>"; };
		64ADA4432A7787770003E2C1 /* ViewController.swift */ = {isa = PBXFileReference; lastKnownFileType = sourcecode.swift; path = ViewController.swift; sourceTree = "<group>"; };
		64ADA4482A7787780003E2C1 /* Assets.xcassets */ = {isa = PBXFileReference; lastKnownFileType = folder.assetcatalog; path = Assets.xcassets; sourceTree = "<group>"; };
		64ADA44B2A7787780003E2C1 /* Base */ = {isa = PBXFileReference; lastKnownFileType = file.storyboard; name = Base; path = Base.lproj/LaunchScreen.storyboard; sourceTree = "<group>"; };
		64ADA44D2A7787780003E2C1 /* Info.plist */ = {isa = PBXFileReference; lastKnownFileType = text.plist.xml; path = Info.plist; sourceTree = "<group>"; };
		64ADA4522A7787780003E2C1 /* GetYaTests.xctest */ = {isa = PBXFileReference; explicitFileType = wrapper.cfbundle; includeInIndex = 0; path = GetYaTests.xctest; sourceTree = BUILT_PRODUCTS_DIR; };
		64ADA4562A7787780003E2C1 /* GetYaTests.swift */ = {isa = PBXFileReference; lastKnownFileType = sourcecode.swift; path = GetYaTests.swift; sourceTree = "<group>"; };
		64ADA45C2A7787780003E2C1 /* GetYaUITests.xctest */ = {isa = PBXFileReference; explicitFileType = wrapper.cfbundle; includeInIndex = 0; path = GetYaUITests.xctest; sourceTree = BUILT_PRODUCTS_DIR; };
		64ADA4602A7787780003E2C1 /* GetYaUITests.swift */ = {isa = PBXFileReference; lastKnownFileType = sourcecode.swift; path = GetYaUITests.swift; sourceTree = "<group>"; };
		64ADA4622A7787780003E2C1 /* GetYaUITestsLaunchTests.swift */ = {isa = PBXFileReference; lastKnownFileType = sourcecode.swift; path = GetYaUITestsLaunchTests.swift; sourceTree = "<group>"; };
		64ADA4842A77887E0003E2C1 /* AppCoordinator.swift */ = {isa = PBXFileReference; lastKnownFileType = sourcecode.swift; path = AppCoordinator.swift; sourceTree = "<group>"; };
		64ADA4862A7788840003E2C1 /* DTO.swift */ = {isa = PBXFileReference; lastKnownFileType = sourcecode.swift; path = DTO.swift; sourceTree = "<group>"; };
		64ADA4882A77888C0003E2C1 /* RepositoyProtocol.swift */ = {isa = PBXFileReference; lastKnownFileType = sourcecode.swift; path = RepositoyProtocol.swift; sourceTree = "<group>"; };
		64ADA48A2A7788900003E2C1 /* Entity.swift */ = {isa = PBXFileReference; lastKnownFileType = sourcecode.swift; path = Entity.swift; sourceTree = "<group>"; };
		64ADA48C2A77889D0003E2C1 /* Protocol.swift */ = {isa = PBXFileReference; lastKnownFileType = sourcecode.swift; path = Protocol.swift; sourceTree = "<group>"; };
		64ADA48E2A7788AA0003E2C1 /* PresentationCoordinator.swift */ = {isa = PBXFileReference; lastKnownFileType = sourcecode.swift; path = PresentationCoordinator.swift; sourceTree = "<group>"; };
		64ADA4902A7788B00003E2C1 /* CommonProtocl.swift */ = {isa = PBXFileReference; lastKnownFileType = sourcecode.swift; path = CommonProtocl.swift; sourceTree = "<group>"; };
		64ADA4922A7788B60003E2C1 /* CommonView.swift */ = {isa = PBXFileReference; lastKnownFileType = sourcecode.swift; path = CommonView.swift; sourceTree = "<group>"; };
		64ADA4942A7788BC0003E2C1 /* CommonViewModel.swift */ = {isa = PBXFileReference; lastKnownFileType = sourcecode.swift; path = CommonViewModel.swift; sourceTree = "<group>"; };
		64ADA4962A7788C10003E2C1 /* Etc.swift */ = {isa = PBXFileReference; lastKnownFileType = sourcecode.swift; path = Etc.swift; sourceTree = "<group>"; };
		64ADA4982A7788C70003E2C1 /* Enum.swift */ = {isa = PBXFileReference; lastKnownFileType = sourcecode.swift; path = Enum.swift; sourceTree = "<group>"; };
		64ADA49C2A7788D00003E2C1 /* Service.swift */ = {isa = PBXFileReference; lastKnownFileType = sourcecode.swift; path = Service.swift; sourceTree = "<group>"; };
		64ADA49E2A77890B0003E2C1 /* .swiftLint.yml */ = {isa = PBXFileReference; lastKnownFileType = text.yaml; path = .swiftLint.yml; sourceTree = "<group>"; };
		64ADA4A42A789C5A0003E2C1 /* HomeViewController.swift */ = {isa = PBXFileReference; lastKnownFileType = sourcecode.swift; path = HomeViewController.swift; sourceTree = "<group>"; };
		64ADA4AA2A78A4080003E2C1 /* HomeNavigationViewController.swift */ = {isa = PBXFileReference; lastKnownFileType = sourcecode.swift; path = HomeNavigationViewController.swift; sourceTree = "<group>"; };
		64ADA4AC2A78A7090003E2C1 /* CommonButton.swift */ = {isa = PBXFileReference; lastKnownFileType = sourcecode.swift; path = CommonButton.swift; sourceTree = "<group>"; };
		64ADA4B02A78F82A0003E2C1 /* CGFloat+.swift */ = {isa = PBXFileReference; lastKnownFileType = sourcecode.swift; path = "CGFloat+.swift"; sourceTree = "<group>"; };
		64ADA4B72A7A1BF20003E2C1 /* CommonOptionImageView.swift */ = {isa = PBXFileReference; lastKnownFileType = sourcecode.swift; path = CommonOptionImageView.swift; sourceTree = "<group>"; };
		64ADA4B92A7A21520003E2C1 /* CommonOptionView.swift */ = {isa = PBXFileReference; lastKnownFileType = sourcecode.swift; path = CommonOptionView.swift; sourceTree = "<group>"; };
		64ADA4BB2A7A22780003E2C1 /* CommonLabel.swift */ = {isa = PBXFileReference; lastKnownFileType = sourcecode.swift; path = CommonLabel.swift; sourceTree = "<group>"; };
		64ADA4BD2A7A26090003E2C1 /* Int+.swift */ = {isa = PBXFileReference; lastKnownFileType = sourcecode.swift; path = "Int+.swift"; sourceTree = "<group>"; };
		64ADA4BF2A7A28AA0003E2C1 /* UIColor+.swift */ = {isa = PBXFileReference; lastKnownFileType = sourcecode.swift; path = "UIColor+.swift"; sourceTree = "<group>"; };
		64ADA4C12A7A2DAC0003E2C1 /* CommonPageControl.swift */ = {isa = PBXFileReference; lastKnownFileType = sourcecode.swift; path = CommonPageControl.swift; sourceTree = "<group>"; };
		64ADA4C32A7A32950003E2C1 /* CommonOptionSelectButton.swift */ = {isa = PBXFileReference; lastKnownFileType = sourcecode.swift; path = CommonOptionSelectButton.swift; sourceTree = "<group>"; };
/* End PBXFileReference section */

/* Begin PBXFrameworksBuildPhase section */
		64ADA4392A7787770003E2C1 /* Frameworks */ = {
			isa = PBXFrameworksBuildPhase;
			buildActionMask = 2147483647;
			files = (
			);
			runOnlyForDeploymentPostprocessing = 0;
		};
		64ADA44F2A7787780003E2C1 /* Frameworks */ = {
			isa = PBXFrameworksBuildPhase;
			buildActionMask = 2147483647;
			files = (
			);
			runOnlyForDeploymentPostprocessing = 0;
		};
		64ADA4592A7787780003E2C1 /* Frameworks */ = {
			isa = PBXFrameworksBuildPhase;
			buildActionMask = 2147483647;
			files = (
			);
			runOnlyForDeploymentPostprocessing = 0;
		};
/* End PBXFrameworksBuildPhase section */

/* Begin PBXGroup section */
		15059ABB2A88A15400303C01 /* CommonRecommendCarResult */ = {
			isa = PBXGroup;
			children = (
				15D8CC932A892F06009B19B9 /* Adapter */,
				15D8CC902A892A53009B19B9 /* Protocol */,
				15D8CC8D2A892A2C009B19B9 /* ViewModel */,
				15059ABC2A88A18D00303C01 /* View */,
			);
			path = CommonRecommendCarResult;
			sourceTree = "<group>";
		};
		15059ABC2A88A18D00303C01 /* View */ = {
			isa = PBXGroup;
			children = (
				15D8CC8B2A89242B009B19B9 /* CommonRecommendCarResultTableView.swift */,
				159B2CFD2A825F5F003F47D6 /* CommonRecommendCarResultTableViewCell.swift */,
				155DDD1B2A85E2CE009AE2BC /* CustomOrQuoteSelectView.swift */,
				15059ABE2A88A48200303C01 /* Header */,
			);
			path = View;
			sourceTree = "<group>";
		};
		15059ABE2A88A48200303C01 /* Header */ = {
			isa = PBXGroup;
			children = (
				155EAB3E2A80F14900833B0E /* CommonRecommendCarResultSectionDividerTitleView.swift */,
				15059ABF2A88A54200303C01 /* CommonRecommendCarResultCarInfoView.swift */,
			);
			path = Header;
			sourceTree = "<group>";
		};
		155729FD2A8954E200D136C6 /* CarOptionResult */ = {
			isa = PBXGroup;
			children = (
				15059ABB2A88A15400303C01 /* CommonRecommendCarResult */,
				159B2CF52A825CC5003F47D6 /* DetailRecommendCarResult */,
			);
			path = CarOptionResult;
			sourceTree = "<group>";
		};
		155DDD032A82D028009AE2BC /* ViewModel */ = {
			isa = PBXGroup;
			children = (
				155DDD042A82D040009AE2BC /* DetailRecommendCarResultViewModel.swift */,
			);
			path = ViewModel;
			sourceTree = "<group>";
		};
		155DDD0B2A83F204009AE2BC /* ViewController */ = {
			isa = PBXGroup;
			children = (
				155EAB392A80824B00833B0E /* DetailRecommendCarResultViewController.swift */,
			);
			path = ViewController;
			sourceTree = "<group>";
		};
		155DDD0C2A840F41009AE2BC /* Mock */ = {
			isa = PBXGroup;
			children = (
				155DDD0D2A840F7D009AE2BC /* DetailRecommendCarResultSectionHeaders.swift */,
				155DDD0F2A846077009AE2BC /* RecommendCarInfoModel+Mock.swift */,
				155729FE2A89563200D136C6 /* DetailRecommendCarResultMainHeaderModel+Mock.swift */,
				155DDD112A84610A009AE2BC /* DetailRecommendCarProductOptionModel+Mock.swift */,
			);
			path = Mock;
			sourceTree = "<group>";
		};
		155EAB442A81F0A200833B0E /* MainHeader */ = {
			isa = PBXGroup;
			children = (
				155EAB422A81163300833B0E /* DetailRecommendCarResultThumbnailView.swift */,
				155EAB452A81F0AF00833B0E /* DetailRecommendCarResultMainHeader.swift */,
			);
			path = MainHeader;
			sourceTree = "<group>";
		};
		15837B992A7E5900000FE728 /* CombineCocoa */ = {
			isa = PBXGroup;
			children = (
				15837B9C2A7E5931000FE728 /* UIControl+CombineInteractionPublisher.swift */,
				155ED71B2A7E5A510052896A /* UIControl+CombineInteractionSubscription.swift */,
				155ED71D2A7E5AD60052896A /* UIControl+Publihser.swift */,
				155ED71F2A7E5B890052896A /* UIButton+Combine.swift */,
				155ED7212A7E5BE50052896A /* UITextField+Combine.swift */,
			);
			path = CombineCocoa;
			sourceTree = "<group>";
		};
		159B2CF22A823723003F47D6 /* Adapter */ = {
			isa = PBXGroup;
			children = (
				159B2CF32A82374E003F47D6 /* DetailRecommendCarResultTableViewAdapter.swift */,
			);
			path = Adapter;
			sourceTree = "<group>";
		};
		159B2CF52A825CC5003F47D6 /* DetailRecommendCarResult */ = {
			isa = PBXGroup;
			children = (
				155DDD0C2A840F41009AE2BC /* Mock */,
				155DDD0B2A83F204009AE2BC /* ViewController */,
				155DDD032A82D028009AE2BC /* ViewModel */,
				159B2CF22A823723003F47D6 /* Adapter */,
				159B2CF72A825CE0003F47D6 /* Protocol */,
				159B2CF62A825CD7003F47D6 /* View */,
			);
			path = DetailRecommendCarResult;
			sourceTree = "<group>";
		};
		159B2CF62A825CD7003F47D6 /* View */ = {
			isa = PBXGroup;
			children = (
				15D8CC962A894C66009B19B9 /* DetailRecommendCarResultTableView.swift */,
				155DDD152A84A808009AE2BC /* DetailRecommendCarResultFooter.swift */,
				155DDD092A835FEF009AE2BC /* DetailRecommendCarResultSecondSectionHeader.swift */,
				155EAB442A81F0A200833B0E /* MainHeader */,
			);
			path = View;
			sourceTree = "<group>";
		};
		159B2CF72A825CE0003F47D6 /* Protocol */ = {
			isa = PBXGroup;
			children = (
				159B2CF82A825D07003F47D6 /* DetailRecommendCarResultTableViewAdapterDataSource.swift */,
				155DDD062A82D3B2009AE2BC /* DetailRecommendCarResultViewModelable.swift */,
			);
			path = Protocol;
			sourceTree = "<group>";
		};
		15D8CC8D2A892A2C009B19B9 /* ViewModel */ = {
			isa = PBXGroup;
			children = (
				15D8CC8E2A892A38009B19B9 /* CommonRecommendCarResultTableViewModel.swift */,
			);
			path = ViewModel;
			sourceTree = "<group>";
		};
		15D8CC902A892A53009B19B9 /* Protocol */ = {
			isa = PBXGroup;
			children = (
				15D8CC912A892A62009B19B9 /* CommonRecommendCarResultTableViewAdapterDataSource.swift */,
			);
			path = Protocol;
			sourceTree = "<group>";
		};
		15D8CC932A892F06009B19B9 /* Adapter */ = {
			isa = PBXGroup;
			children = (
				15D8CC942A892F63009B19B9 /* CommonRecommendCarResultTableViewAdapter.swift */,
			);
			path = Adapter;
			sourceTree = "<group>";
		};
		15DF957C2A7B94E00093EAC7 /* Resource */ = {
			isa = PBXGroup;
			children = (
				15DF957D2A7B94E00093EAC7 /* HyundaiSans */,
				15DF95852A7B94E00093EAC7 /* Home_mp4.mp4 */,
				64ADA4482A7787780003E2C1 /* Assets.xcassets */,
			);
			path = Resource;
			sourceTree = "<group>";
		};
		15DF957D2A7B94E00093EAC7 /* HyundaiSans */ = {
			isa = PBXGroup;
			children = (
				15DF957E2A7B94E00093EAC7 /* Head */,
				15DF95812A7B94E00093EAC7 /* Text */,
			);
			path = HyundaiSans;
			sourceTree = "<group>";
		};
		15DF957E2A7B94E00093EAC7 /* Head */ = {
			isa = PBXGroup;
			children = (
				15DF957F2A7B94E00093EAC7 /* HyundaiSansHeadKRMedium.ttf */,
				15DF95802A7B94E00093EAC7 /* HyundaiSansHeadKRBold.ttf */,
				6412D0792A7E57B0001E4005 /* HyundaiSansHeadKRRegular.ttf */,
			);
			path = Head;
			sourceTree = "<group>";
		};
		15DF95812A7B94E00093EAC7 /* Text */ = {
			isa = PBXGroup;
			children = (
				15DF95822A7B94E00093EAC7 /* HyundaiSansTextKRMedium.ttf */,
				15DF95832A7B94E00093EAC7 /* HyundaiSansTextKRBold.ttf */,
				15DF95842A7B94E00093EAC7 /* HyundaiSansTextKRRegular.ttf */,
			);
			path = Text;
			sourceTree = "<group>";
		};
		15DF95A32A7C98C30093EAC7 /* Model */ = {
			isa = PBXGroup;
			children = (
				15DF958D2A7C89630093EAC7 /* UILayout.swift */,
			);
			path = Model;
			sourceTree = "<group>";
		};
		6412D09B2A8387D0001E4005 /* View */ = {
			isa = PBXGroup;
			children = (
				6412D0A02A84B369001E4005 /* TrimSubOptionButton.swift */,
				6412D09E2A84AB89001E4005 /* TrimSubOptionView.swift */,
				6412D0A22A84D41A001E4005 /* TrimSubOptionContentView.swift */,
				6412D0A82A85CFBB001E4005 /* TrimOptionContentCell.swift */,
				6412D0B82A878A86001E4005 /* TrimOptionContentCollectionView.swift */,
				6412D09C2A8387E6001E4005 /* TooltipView.swift */,
				6412D0A42A84E7E1001E4005 /* TrimTooltipView.swift */,
				6412D0A62A8511AE001E4005 /* LearnMoreView.swift */,
				6412D0B02A872933001E4005 /* TrimLearnMoreView.swift */,
				6412D0B22A87337C001E4005 /* TrimOptionDetailView.swift */,
				6412D0B42A8738E3001E4005 /* TrimOptionDetailColorCollectionView.swift */,
				6412D0B62A87398F001E4005 /* TrimOptionDetailColorCell.swift */,
				6412D0BA2A8792E7001E4005 /* TrimOptionDetailOptionCollectionView.swift */,
				6412D0BC2A8792F4001E4005 /* TrimOptionDetailOptionCell.swift */,
			);
			path = View;
			sourceTree = "<group>";
		};
		641AB51B2A7B7C7300CF88C0 /* CharacterSelect */ = {
			isa = PBXGroup;
			children = (
				647FBF132A7CB5C900507AE9 /* View */,
				641AB51F2A7B7CF400CF88C0 /* CharacterSelectViewController.swift */,
				6412D08D2A81F1FB001E4005 /* DetailLifeStyleSelectViewController.swift */,
				6412D07F2A7F75DB001E4005 /* LifeStyleViewController.swift */,
				6412D0872A80C385001E4005 /* AgeViewController.swift */,
				6412D08B2A81E5C1001E4005 /* LifeStylePeekViewController.swift */,
				6412D0912A822D5A001E4005 /* LifeStylePeekContentView.swift */,
			);
			path = CharacterSelect;
			sourceTree = "<group>";
		};
		641AB51C2A7B7C8B00CF88C0 /* TrimSelect */ = {
			isa = PBXGroup;
			children = (
				6412D09B2A8387D0001E4005 /* View */,
				641AB51D2A7B7CDF00CF88C0 /* TrimSelectViewController.swift */,
			);
			path = TrimSelect;
			sourceTree = "<group>";
		};
		647FBF132A7CB5C900507AE9 /* View */ = {
			isa = PBXGroup;
			children = (
				641AB5252A7BA07300CF88C0 /* CheckListStackView.swift */,
				641AB5272A7BA0F300CF88C0 /* CheckListItemView.swift */,
				6412D07D2A7E6A6A001E4005 /* TagView.swift */,
				6412D07B2A7E607D001E4005 /* LifeStyleCell.swift */,
				6412D0832A80ABCA001E4005 /* QuestionNumberView.swift */,
				6412D0852A80AC92001E4005 /* LifeStyleDetailCell.swift */,
				6412D0892A80C419001E4005 /* QuestionContentView.swift */,
				6412D0932A823A89001E4005 /* PeekTagView.swift */,
				6412D0992A8332E5001E4005 /* PeekQuestionView.swift */,
			);
			path = View;
			sourceTree = "<group>";
		};
		64ADA4332A7787770003E2C1 = {
			isa = PBXGroup;
			children = (
				64ADA49E2A77890B0003E2C1 /* .swiftLint.yml */,
				64ADA43E2A7787770003E2C1 /* GetYa */,
				64ADA4552A7787780003E2C1 /* GetYaTests */,
				64ADA45F2A7787780003E2C1 /* GetYaUITests */,
				64ADA43D2A7787770003E2C1 /* Products */,
			);
			indentWidth = 4;
			sourceTree = "<group>";
			tabWidth = 4;
		};
		64ADA43D2A7787770003E2C1 /* Products */ = {
			isa = PBXGroup;
			children = (
				64ADA43C2A7787770003E2C1 /* GetYa.app */,
				64ADA4522A7787780003E2C1 /* GetYaTests.xctest */,
				64ADA45C2A7787780003E2C1 /* GetYaUITests.xctest */,
			);
			name = Products;
			sourceTree = "<group>";
		};
		64ADA43E2A7787770003E2C1 /* GetYa */ = {
			isa = PBXGroup;
			children = (
				64ADA4732A7787910003E2C1 /* App */,
				64ADA4722A77878F0003E2C1 /* Data */,
				64ADA4712A77878D0003E2C1 /* Domain */,
				64ADA4702A77878B0003E2C1 /* Presentation */,
				64ADA4432A7787770003E2C1 /* ViewController.swift */,
				64ADA46F2A7787890003E2C1 /* Util */,
			);
			path = GetYa;
			sourceTree = "<group>";
		};
		64ADA4552A7787780003E2C1 /* GetYaTests */ = {
			isa = PBXGroup;
			children = (
				64ADA4562A7787780003E2C1 /* GetYaTests.swift */,
			);
			path = GetYaTests;
			sourceTree = "<group>";
		};
		64ADA45F2A7787780003E2C1 /* GetYaUITests */ = {
			isa = PBXGroup;
			children = (
				64ADA4602A7787780003E2C1 /* GetYaUITests.swift */,
				64ADA4622A7787780003E2C1 /* GetYaUITestsLaunchTests.swift */,
			);
			path = GetYaUITests;
			sourceTree = "<group>";
		};
		64ADA46F2A7787890003E2C1 /* Util */ = {
			isa = PBXGroup;
			children = (
				15837B992A7E5900000FE728 /* CombineCocoa */,
				64ADA47B2A7788150003E2C1 /* Etc */,
				64ADA47A2A7788130003E2C1 /* Enum */,
				64ADA4792A7788110003E2C1 /* Extension */,
				64ADA4782A77880F0003E2C1 /* Service */,
			);
			path = Util;
			sourceTree = "<group>";
		};
		64ADA4702A77878B0003E2C1 /* Presentation */ = {
			isa = PBXGroup;
			children = (
				64ADA4752A7787CC0003E2C1 /* Common */,
				155729FD2A8954E200D136C6 /* CarOptionResult */,
				641AB51B2A7B7C7300CF88C0 /* CharacterSelect */,
				64ADA4742A7787C60003E2C1 /* Coordinator */,
				64ADA4A12A789BF40003E2C1 /* Home */,
				641AB51C2A7B7C8B00CF88C0 /* TrimSelect */,
			);
			path = Presentation;
			sourceTree = "<group>";
		};
		64ADA4712A77878D0003E2C1 /* Domain */ = {
			isa = PBXGroup;
			children = (
				64ADA47F2A7788510003E2C1 /* Entity */,
				64ADA47D2A7788470003E2C1 /* UseCase */,
			);
			path = Domain;
			sourceTree = "<group>";
		};
		64ADA4722A77878F0003E2C1 /* Data */ = {
			isa = PBXGroup;
			children = (
				64ADA4812A7788630003E2C1 /* DTO */,
				64ADA4802A77885E0003E2C1 /* Repositoy */,
			);
			path = Data;
			sourceTree = "<group>";
		};
		64ADA4732A7787910003E2C1 /* App */ = {
			isa = PBXGroup;
			children = (
				15DF957C2A7B94E00093EAC7 /* Resource */,
				64ADA4832A7788740003E2C1 /* Coordinator */,
				64ADA43F2A7787770003E2C1 /* AppDelegate.swift */,
				64ADA4412A7787770003E2C1 /* SceneDelegate.swift */,
				64ADA44A2A7787780003E2C1 /* LaunchScreen.storyboard */,
				64ADA44D2A7787780003E2C1 /* Info.plist */,
			);
			path = App;
			sourceTree = "<group>";
		};
		64ADA4742A7787C60003E2C1 /* Coordinator */ = {
			isa = PBXGroup;
			children = (
				64ADA48E2A7788AA0003E2C1 /* PresentationCoordinator.swift */,
			);
			path = Coordinator;
			sourceTree = "<group>";
		};
		64ADA4752A7787CC0003E2C1 /* Common */ = {
			isa = PBXGroup;
			children = (
				64ADA47C2A7788410003E2C1 /* Protocol */,
				64ADA4772A7787F20003E2C1 /* View */,
				64ADA4762A7787DB0003E2C1 /* ViewModel */,
				15DF95A32A7C98C30093EAC7 /* Model */,
			);
			path = Common;
			sourceTree = "<group>";
		};
		64ADA4762A7787DB0003E2C1 /* ViewModel */ = {
			isa = PBXGroup;
			children = (
				64ADA4942A7788BC0003E2C1 /* CommonViewModel.swift */,
			);
			path = ViewModel;
			sourceTree = "<group>";
		};
		64ADA4772A7787F20003E2C1 /* View */ = {
			isa = PBXGroup;
			children = (
				64ADA4922A7788B60003E2C1 /* CommonView.swift */,
				6412D0972A8323CD001E4005 /* CommonTextView.swift */,
				64ADA4AC2A78A7090003E2C1 /* CommonButton.swift */,
				64ADA4BB2A7A22780003E2C1 /* CommonLabel.swift */,
				6412D0BE2A87C248001E4005 /* CommonPaddingLabel.swift */,
				64ADA4B72A7A1BF20003E2C1 /* CommonOptionImageView.swift */,
				64ADA4B92A7A21520003E2C1 /* CommonOptionView.swift */,
				64ADA4C12A7A2DAC0003E2C1 /* CommonPageControl.swift */,
				64ADA4C32A7A32950003E2C1 /* CommonOptionSelectButton.swift */,
				155EAB362A7F5FCD00833B0E /* ProgressView.swift */,
				155DDD172A855182009AE2BC /* LeftAndRightButtonsView.swift */,
			);
			path = View;
			sourceTree = "<group>";
		};
		64ADA4782A77880F0003E2C1 /* Service */ = {
			isa = PBXGroup;
			children = (
				64ADA49C2A7788D00003E2C1 /* Service.swift */,
			);
			path = Service;
			sourceTree = "<group>";
		};
		64ADA4792A7788110003E2C1 /* Extension */ = {
			isa = PBXGroup;
			children = (
				64ADA4B02A78F82A0003E2C1 /* CGFloat+.swift */,
				64ADA4BD2A7A26090003E2C1 /* Int+.swift */,
				15DF959C2A7C8A330093EAC7 /* NSMutableAttributedString+.swift */,
				64ADA4BF2A7A28AA0003E2C1 /* UIColor+.swift */,
				15DF95962A7C89F50093EAC7 /* UIColor+GetYaPalette.swift */,
				15DF959A2A7C8A1D0093EAC7 /* UIFont+.swift */,
				15DF95982A7C8A110093EAC7 /* UIView+.swift */,
			);
			path = Extension;
			sourceTree = "<group>";
		};
		64ADA47A2A7788130003E2C1 /* Enum */ = {
			isa = PBXGroup;
			children = (
				64ADA4982A7788C70003E2C1 /* Enum.swift */,
				15DF95942A7C89DF0093EAC7 /* GetYaFont.swift */,
			);
			path = Enum;
			sourceTree = "<group>";
		};
		64ADA47B2A7788150003E2C1 /* Etc */ = {
			isa = PBXGroup;
			children = (
				64ADA4962A7788C10003E2C1 /* Etc.swift */,
			);
			path = Etc;
			sourceTree = "<group>";
		};
		64ADA47C2A7788410003E2C1 /* Protocol */ = {
			isa = PBXGroup;
			children = (
				15DF95902A7C89A60093EAC7 /* LayoutSupportable.swift */,
				15DF95922A7C89BC0093EAC7 /* ConvenienceInit.swift */,
				64ADA4902A7788B00003E2C1 /* CommonProtocl.swift */,
				155ED7232A7E6D5A0052896A /* ViewModelable.swift */,
				155ED7252A7E6DB30052896A /* ViewBindable.swift */,
			);
			path = Protocol;
			sourceTree = "<group>";
		};
		64ADA47D2A7788470003E2C1 /* UseCase */ = {
			isa = PBXGroup;
			children = (
				64ADA47E2A77884D0003E2C1 /* Protocol */,
			);
			path = UseCase;
			sourceTree = "<group>";
		};
		64ADA47E2A77884D0003E2C1 /* Protocol */ = {
			isa = PBXGroup;
			children = (
				64ADA48C2A77889D0003E2C1 /* Protocol.swift */,
			);
			path = Protocol;
			sourceTree = "<group>";
		};
		64ADA47F2A7788510003E2C1 /* Entity */ = {
			isa = PBXGroup;
			children = (
				64ADA48A2A7788900003E2C1 /* Entity.swift */,
			);
			path = Entity;
			sourceTree = "<group>";
		};
		64ADA4802A77885E0003E2C1 /* Repositoy */ = {
			isa = PBXGroup;
			children = (
				64ADA4822A77886F0003E2C1 /* Protocol */,
			);
			path = Repositoy;
			sourceTree = "<group>";
		};
		64ADA4812A7788630003E2C1 /* DTO */ = {
			isa = PBXGroup;
			children = (
				64ADA4862A7788840003E2C1 /* DTO.swift */,
			);
			path = DTO;
			sourceTree = "<group>";
		};
		64ADA4822A77886F0003E2C1 /* Protocol */ = {
			isa = PBXGroup;
			children = (
				64ADA4882A77888C0003E2C1 /* RepositoyProtocol.swift */,
			);
			path = Protocol;
			sourceTree = "<group>";
		};
		64ADA4832A7788740003E2C1 /* Coordinator */ = {
			isa = PBXGroup;
			children = (
				64ADA4842A77887E0003E2C1 /* AppCoordinator.swift */,
			);
			path = Coordinator;
			sourceTree = "<group>";
		};
		64ADA4A12A789BF40003E2C1 /* Home */ = {
			isa = PBXGroup;
			children = (
				641AB5232A7B821D00CF88C0 /* HomeContentDelegate.swift */,
				64ADA4AA2A78A4080003E2C1 /* HomeNavigationViewController.swift */,
				64ADA4A42A789C5A0003E2C1 /* HomeViewController.swift */,
				641AB5212A7B7D2A00CF88C0 /* HomeContentView.swift */,
			);
			path = Home;
			sourceTree = "<group>";
		};
/* End PBXGroup section */

/* Begin PBXNativeTarget section */
		64ADA43B2A7787770003E2C1 /* GetYa */ = {
			isa = PBXNativeTarget;
			buildConfigurationList = 64ADA4662A7787780003E2C1 /* Build configuration list for PBXNativeTarget "GetYa" */;
			buildPhases = (
				64ADA4382A7787770003E2C1 /* Sources */,
				64ADA4392A7787770003E2C1 /* Frameworks */,
				64ADA43A2A7787770003E2C1 /* Resources */,
				64ADA4A02A7789210003E2C1 /* ShellScript */,
			);
			buildRules = (
			);
			dependencies = (
			);
			name = GetYa;
			productName = GetYa;
			productReference = 64ADA43C2A7787770003E2C1 /* GetYa.app */;
			productType = "com.apple.product-type.application";
		};
		64ADA4512A7787780003E2C1 /* GetYaTests */ = {
			isa = PBXNativeTarget;
			buildConfigurationList = 64ADA4692A7787780003E2C1 /* Build configuration list for PBXNativeTarget "GetYaTests" */;
			buildPhases = (
				64ADA44E2A7787780003E2C1 /* Sources */,
				64ADA44F2A7787780003E2C1 /* Frameworks */,
				64ADA4502A7787780003E2C1 /* Resources */,
			);
			buildRules = (
			);
			dependencies = (
				64ADA4542A7787780003E2C1 /* PBXTargetDependency */,
			);
			name = GetYaTests;
			productName = GetYaTests;
			productReference = 64ADA4522A7787780003E2C1 /* GetYaTests.xctest */;
			productType = "com.apple.product-type.bundle.unit-test";
		};
		64ADA45B2A7787780003E2C1 /* GetYaUITests */ = {
			isa = PBXNativeTarget;
			buildConfigurationList = 64ADA46C2A7787780003E2C1 /* Build configuration list for PBXNativeTarget "GetYaUITests" */;
			buildPhases = (
				64ADA4582A7787780003E2C1 /* Sources */,
				64ADA4592A7787780003E2C1 /* Frameworks */,
				64ADA45A2A7787780003E2C1 /* Resources */,
			);
			buildRules = (
			);
			dependencies = (
				64ADA45E2A7787780003E2C1 /* PBXTargetDependency */,
			);
			name = GetYaUITests;
			productName = GetYaUITests;
			productReference = 64ADA45C2A7787780003E2C1 /* GetYaUITests.xctest */;
			productType = "com.apple.product-type.bundle.ui-testing";
		};
/* End PBXNativeTarget section */

/* Begin PBXProject section */
		64ADA4342A7787770003E2C1 /* Project object */ = {
			isa = PBXProject;
			attributes = {
				BuildIndependentTargetsInParallel = 1;
				LastSwiftUpdateCheck = 1430;
				LastUpgradeCheck = 1430;
				TargetAttributes = {
					64ADA43B2A7787770003E2C1 = {
						CreatedOnToolsVersion = 14.3.1;
					};
					64ADA4512A7787780003E2C1 = {
						CreatedOnToolsVersion = 14.3.1;
						TestTargetID = 64ADA43B2A7787770003E2C1;
					};
					64ADA45B2A7787780003E2C1 = {
						CreatedOnToolsVersion = 14.3.1;
						TestTargetID = 64ADA43B2A7787770003E2C1;
					};
				};
			};
			buildConfigurationList = 64ADA4372A7787770003E2C1 /* Build configuration list for PBXProject "GetYa" */;
			compatibilityVersion = "Xcode 14.0";
			developmentRegion = en;
			hasScannedForEncodings = 0;
			knownRegions = (
				en,
				Base,
			);
			mainGroup = 64ADA4332A7787770003E2C1;
			productRefGroup = 64ADA43D2A7787770003E2C1 /* Products */;
			projectDirPath = "";
			projectRoot = "";
			targets = (
				64ADA43B2A7787770003E2C1 /* GetYa */,
				64ADA4512A7787780003E2C1 /* GetYaTests */,
				64ADA45B2A7787780003E2C1 /* GetYaUITests */,
			);
		};
/* End PBXProject section */

/* Begin PBXResourcesBuildPhase section */
		64ADA43A2A7787770003E2C1 /* Resources */ = {
			isa = PBXResourcesBuildPhase;
			buildActionMask = 2147483647;
			files = (
				15DF95892A7B94E00093EAC7 /* HyundaiSansTextKRBold.ttf in Resources */,
				15DF958B2A7B94E00093EAC7 /* Home_mp4.mp4 in Resources */,
				64ADA49F2A77890B0003E2C1 /* .swiftLint.yml in Resources */,
				64ADA44C2A7787780003E2C1 /* LaunchScreen.storyboard in Resources */,
				6412D07A2A7E57B0001E4005 /* HyundaiSansHeadKRRegular.ttf in Resources */,
				15DF958A2A7B94E00093EAC7 /* HyundaiSansTextKRRegular.ttf in Resources */,
				15DF95862A7B94E00093EAC7 /* HyundaiSansHeadKRMedium.ttf in Resources */,
				64ADA4492A7787780003E2C1 /* Assets.xcassets in Resources */,
				15DF95872A7B94E00093EAC7 /* HyundaiSansHeadKRBold.ttf in Resources */,
				15DF95882A7B94E00093EAC7 /* HyundaiSansTextKRMedium.ttf in Resources */,
			);
			runOnlyForDeploymentPostprocessing = 0;
		};
		64ADA4502A7787780003E2C1 /* Resources */ = {
			isa = PBXResourcesBuildPhase;
			buildActionMask = 2147483647;
			files = (
			);
			runOnlyForDeploymentPostprocessing = 0;
		};
		64ADA45A2A7787780003E2C1 /* Resources */ = {
			isa = PBXResourcesBuildPhase;
			buildActionMask = 2147483647;
			files = (
			);
			runOnlyForDeploymentPostprocessing = 0;
		};
/* End PBXResourcesBuildPhase section */

/* Begin PBXShellScriptBuildPhase section */
		64ADA4A02A7789210003E2C1 /* ShellScript */ = {
			isa = PBXShellScriptBuildPhase;
			alwaysOutOfDate = 1;
			buildActionMask = 2147483647;
			files = (
			);
			inputFileListPaths = (
			);
			inputPaths = (
			);
			outputFileListPaths = (
			);
			outputPaths = (
			);
			runOnlyForDeploymentPostprocessing = 0;
			shellPath = /bin/sh;
			shellScript = "if test -d \"/opt/homebrew/bin/\"; then\n  PATH=\"/opt/homebrew/bin/:${PATH}\"\nfi\n\nexport PATH\n\nif which swiftlint >/dev/null; then\n  swiftlint\nelse\n  echo \"warning: SwiftLint not installed, download from https://github.com/realm/SwiftLint\"\nfi\n";
		};
/* End PBXShellScriptBuildPhase section */

/* Begin PBXSourcesBuildPhase section */
		64ADA4382A7787770003E2C1 /* Sources */ = {
			isa = PBXSourcesBuildPhase;
			buildActionMask = 2147483647;
			files = (
				155DDD052A82D040009AE2BC /* DetailRecommendCarResultViewModel.swift in Sources */,
				64ADA4B12A78F82A0003E2C1 /* CGFloat+.swift in Sources */,
				6412D0802A7F75DB001E4005 /* LifeStyleViewController.swift in Sources */,
				159B2CF42A82374E003F47D6 /* DetailRecommendCarResultTableViewAdapter.swift in Sources */,
				15059AC02A88A54200303C01 /* CommonRecommendCarResultCarInfoView.swift in Sources */,
				6412D0A92A85CFBB001E4005 /* TrimOptionContentCell.swift in Sources */,
				15DF95912A7C89A60093EAC7 /* LayoutSupportable.swift in Sources */,
				64ADA48F2A7788AA0003E2C1 /* PresentationCoordinator.swift in Sources */,
				641AB5202A7B7CF400CF88C0 /* CharacterSelectViewController.swift in Sources */,
				6412D09F2A84AB89001E4005 /* TrimSubOptionView.swift in Sources */,
				64ADA4952A7788BC0003E2C1 /* CommonViewModel.swift in Sources */,
				155DDD122A84610A009AE2BC /* DetailRecommendCarProductOptionModel+Mock.swift in Sources */,
				6412D0842A80ABCA001E4005 /* QuestionNumberView.swift in Sources */,
				155ED7222A7E5BE50052896A /* UITextField+Combine.swift in Sources */,
				155EAB3A2A80824B00833B0E /* DetailRecommendCarResultViewController.swift in Sources */,
				155DDD0A2A835FEF009AE2BC /* DetailRecommendCarResultSecondSectionHeader.swift in Sources */,
				15D8CC8F2A892A38009B19B9 /* CommonRecommendCarResultTableViewModel.swift in Sources */,
				64ADA4BC2A7A22780003E2C1 /* CommonLabel.swift in Sources */,
				159B2CF92A825D07003F47D6 /* DetailRecommendCarResultTableViewAdapterDataSource.swift in Sources */,
				159B2CFE2A825F5F003F47D6 /* CommonRecommendCarResultTableViewCell.swift in Sources */,
				641AB5282A7BA0F300CF88C0 /* CheckListItemView.swift in Sources */,
				6412D0BF2A87C248001E4005 /* CommonPaddingLabel.swift in Sources */,
				15D8CC8C2A89242B009B19B9 /* CommonRecommendCarResultTableView.swift in Sources */,
				15DF958E2A7C89630093EAC7 /* UILayout.swift in Sources */,
				6412D0942A823A89001E4005 /* PeekTagView.swift in Sources */,
				155ED71C2A7E5A510052896A /* UIControl+CombineInteractionSubscription.swift in Sources */,
				6412D0922A822D5A001E4005 /* LifeStylePeekContentView.swift in Sources */,
				15DF958E2A7C89630093EAC7 /* UILayout.swift in Sources */,
				64ADA4A52A789C5A0003E2C1 /* HomeViewController.swift in Sources */,
				6412D0B12A872933001E4005 /* TrimLearnMoreView.swift in Sources */,
				64ADA4932A7788B60003E2C1 /* CommonView.swift in Sources */,
				6412D0A72A8511AE001E4005 /* LearnMoreView.swift in Sources */,
				6412D0B92A878A86001E4005 /* TrimOptionContentCollectionView.swift in Sources */,
				64ADA4972A7788C10003E2C1 /* Etc.swift in Sources */,
				15D8CC952A892F63009B19B9 /* CommonRecommendCarResultTableViewAdapter.swift in Sources */,
				6412D0A52A84E7E1001E4005 /* TrimTooltipView.swift in Sources */,
				64ADA4992A7788C70003E2C1 /* Enum.swift in Sources */,
				15DF959B2A7C8A1D0093EAC7 /* UIFont+.swift in Sources */,
				64ADA4AD2A78A7090003E2C1 /* CommonButton.swift in Sources */,
				64ADA4892A77888C0003E2C1 /* RepositoyProtocol.swift in Sources */,
				64ADA4AB2A78A4080003E2C1 /* HomeNavigationViewController.swift in Sources */,
				15DF95972A7C89F50093EAC7 /* UIColor+GetYaPalette.swift in Sources */,
				155DDD0E2A840F7D009AE2BC /* DetailRecommendCarResultSectionHeaders.swift in Sources */,
				641AB51E2A7B7CDF00CF88C0 /* TrimSelectViewController.swift in Sources */,
				64ADA4BE2A7A26090003E2C1 /* Int+.swift in Sources */,
				64ADA4C22A7A2DAC0003E2C1 /* CommonPageControl.swift in Sources */,
				15DF959D2A7C8A330093EAC7 /* NSMutableAttributedString+.swift in Sources */,
				155DDD102A846077009AE2BC /* RecommendCarInfoModel+Mock.swift in Sources */,
				6412D08E2A81F1FB001E4005 /* DetailLifeStyleSelectViewController.swift in Sources */,
				641AB5222A7B7D2A00CF88C0 /* HomeContentView.swift in Sources */,
				64ADA4852A77887E0003E2C1 /* AppCoordinator.swift in Sources */,
				64ADA48B2A7788900003E2C1 /* Entity.swift in Sources */,
				6412D0882A80C385001E4005 /* AgeViewController.swift in Sources */,
				6412D09A2A8332E5001E4005 /* PeekQuestionView.swift in Sources */,
				6412D0A12A84B369001E4005 /* TrimSubOptionButton.swift in Sources */,
				15D8CC972A894C66009B19B9 /* DetailRecommendCarResultTableView.swift in Sources */,
				64ADA49D2A7788D00003E2C1 /* Service.swift in Sources */,
				155EAB462A81F0AF00833B0E /* DetailRecommendCarResultMainHeader.swift in Sources */,
				6412D0862A80AC92001E4005 /* LifeStyleDetailCell.swift in Sources */,
				6412D0B52A8738E3001E4005 /* TrimOptionDetailColorCollectionView.swift in Sources */,
				6412D0B72A87398F001E4005 /* TrimOptionDetailColorCell.swift in Sources */,
				6412D08C2A81E5C1001E4005 /* LifeStylePeekViewController.swift in Sources */,
				155ED71E2A7E5AD60052896A /* UIControl+Publihser.swift in Sources */,
				15D8CC922A892A62009B19B9 /* CommonRecommendCarResultTableViewAdapterDataSource.swift in Sources */,
				155ED7242A7E6D5A0052896A /* ViewModelable.swift in Sources */,
				64ADA48D2A77889D0003E2C1 /* Protocol.swift in Sources */,
				641AB5262A7BA07300CF88C0 /* CheckListStackView.swift in Sources */,
				155DDD072A82D3B2009AE2BC /* DetailRecommendCarResultViewModelable.swift in Sources */,
				64ADA4442A7787770003E2C1 /* ViewController.swift in Sources */,
				15DF95992A7C8A110093EAC7 /* UIView+.swift in Sources */,
				15DF95932A7C89BC0093EAC7 /* ConvenienceInit.swift in Sources */,
				155EAB432A81163300833B0E /* DetailRecommendCarResultThumbnailView.swift in Sources */,
				6412D0A32A84D41A001E4005 /* TrimSubOptionContentView.swift in Sources */,
				64ADA4C02A7A28AA0003E2C1 /* UIColor+.swift in Sources */,
				6412D08A2A80C419001E4005 /* QuestionContentView.swift in Sources */,
				6412D0BD2A8792F4001E4005 /* TrimOptionDetailOptionCell.swift in Sources */,
				155DDD182A855182009AE2BC /* LeftAndRightButtonsView.swift in Sources */,
				155EAB372A7F5FCD00833B0E /* ProgressView.swift in Sources */,
				64ADA4402A7787770003E2C1 /* AppDelegate.swift in Sources */,
				641AB5242A7B821D00CF88C0 /* HomeContentDelegate.swift in Sources */,
				6412D09D2A8387E6001E4005 /* TooltipView.swift in Sources */,
				6412D07E2A7E6A6A001E4005 /* TagView.swift in Sources */,
				6412D0B32A87337C001E4005 /* TrimOptionDetailView.swift in Sources */,
				6412D0982A8323CD001E4005 /* CommonTextView.swift in Sources */,
				64ADA4422A7787770003E2C1 /* SceneDelegate.swift in Sources */,
				155ED7262A7E6DB30052896A /* ViewBindable.swift in Sources */,
				64ADA4BA2A7A21520003E2C1 /* CommonOptionView.swift in Sources */,
				155729FF2A89563200D136C6 /* DetailRecommendCarResultMainHeaderModel+Mock.swift in Sources */,
				15DF95952A7C89DF0093EAC7 /* GetYaFont.swift in Sources */,
				155EAB3F2A80F14900833B0E /* CommonRecommendCarResultSectionDividerTitleView.swift in Sources */,
				155DDD1C2A85E2CE009AE2BC /* CustomOrQuoteSelectView.swift in Sources */,
				64ADA4912A7788B00003E2C1 /* CommonProtocl.swift in Sources */,
				15837B9D2A7E5931000FE728 /* UIControl+CombineInteractionPublisher.swift in Sources */,
				64ADA4C42A7A32950003E2C1 /* CommonOptionSelectButton.swift in Sources */,
				6412D07C2A7E607D001E4005 /* LifeStyleCell.swift in Sources */,
				155DDD162A84A808009AE2BC /* DetailRecommendCarResultFooter.swift in Sources */,
				155ED7202A7E5B890052896A /* UIButton+Combine.swift in Sources */,
				6412D0BB2A8792E7001E4005 /* TrimOptionDetailOptionCollectionView.swift in Sources */,
				64ADA4B82A7A1BF20003E2C1 /* CommonOptionImageView.swift in Sources */,
				64ADA4872A7788840003E2C1 /* DTO.swift in Sources */,
			);
			runOnlyForDeploymentPostprocessing = 0;
		};
		64ADA44E2A7787780003E2C1 /* Sources */ = {
			isa = PBXSourcesBuildPhase;
			buildActionMask = 2147483647;
			files = (
				64ADA4572A7787780003E2C1 /* GetYaTests.swift in Sources */,
			);
			runOnlyForDeploymentPostprocessing = 0;
		};
		64ADA4582A7787780003E2C1 /* Sources */ = {
			isa = PBXSourcesBuildPhase;
			buildActionMask = 2147483647;
			files = (
				64ADA4612A7787780003E2C1 /* GetYaUITests.swift in Sources */,
				64ADA4632A7787780003E2C1 /* GetYaUITestsLaunchTests.swift in Sources */,
			);
			runOnlyForDeploymentPostprocessing = 0;
		};
/* End PBXSourcesBuildPhase section */

/* Begin PBXTargetDependency section */
		64ADA4542A7787780003E2C1 /* PBXTargetDependency */ = {
			isa = PBXTargetDependency;
			target = 64ADA43B2A7787770003E2C1 /* GetYa */;
			targetProxy = 64ADA4532A7787780003E2C1 /* PBXContainerItemProxy */;
		};
		64ADA45E2A7787780003E2C1 /* PBXTargetDependency */ = {
			isa = PBXTargetDependency;
			target = 64ADA43B2A7787770003E2C1 /* GetYa */;
			targetProxy = 64ADA45D2A7787780003E2C1 /* PBXContainerItemProxy */;
		};
/* End PBXTargetDependency section */

/* Begin PBXVariantGroup section */
		64ADA44A2A7787780003E2C1 /* LaunchScreen.storyboard */ = {
			isa = PBXVariantGroup;
			children = (
				64ADA44B2A7787780003E2C1 /* Base */,
			);
			name = LaunchScreen.storyboard;
			sourceTree = "<group>";
		};
/* End PBXVariantGroup section */

/* Begin XCBuildConfiguration section */
		64ADA4642A7787780003E2C1 /* Debug */ = {
			isa = XCBuildConfiguration;
			buildSettings = {
				ALWAYS_SEARCH_USER_PATHS = NO;
				CLANG_ANALYZER_NONNULL = YES;
				CLANG_ANALYZER_NUMBER_OBJECT_CONVERSION = YES_AGGRESSIVE;
				CLANG_CXX_LANGUAGE_STANDARD = "gnu++20";
				CLANG_ENABLE_MODULES = YES;
				CLANG_ENABLE_OBJC_ARC = YES;
				CLANG_ENABLE_OBJC_WEAK = YES;
				CLANG_WARN_BLOCK_CAPTURE_AUTORELEASING = YES;
				CLANG_WARN_BOOL_CONVERSION = YES;
				CLANG_WARN_COMMA = YES;
				CLANG_WARN_CONSTANT_CONVERSION = YES;
				CLANG_WARN_DEPRECATED_OBJC_IMPLEMENTATIONS = YES;
				CLANG_WARN_DIRECT_OBJC_ISA_USAGE = YES_ERROR;
				CLANG_WARN_DOCUMENTATION_COMMENTS = YES;
				CLANG_WARN_EMPTY_BODY = YES;
				CLANG_WARN_ENUM_CONVERSION = YES;
				CLANG_WARN_INFINITE_RECURSION = YES;
				CLANG_WARN_INT_CONVERSION = YES;
				CLANG_WARN_NON_LITERAL_NULL_CONVERSION = YES;
				CLANG_WARN_OBJC_IMPLICIT_RETAIN_SELF = YES;
				CLANG_WARN_OBJC_LITERAL_CONVERSION = YES;
				CLANG_WARN_OBJC_ROOT_CLASS = YES_ERROR;
				CLANG_WARN_QUOTED_INCLUDE_IN_FRAMEWORK_HEADER = YES;
				CLANG_WARN_RANGE_LOOP_ANALYSIS = YES;
				CLANG_WARN_STRICT_PROTOTYPES = YES;
				CLANG_WARN_SUSPICIOUS_MOVE = YES;
				CLANG_WARN_UNGUARDED_AVAILABILITY = YES_AGGRESSIVE;
				CLANG_WARN_UNREACHABLE_CODE = YES;
				CLANG_WARN__DUPLICATE_METHOD_MATCH = YES;
				COPY_PHASE_STRIP = NO;
				DEBUG_INFORMATION_FORMAT = dwarf;
				ENABLE_STRICT_OBJC_MSGSEND = YES;
				ENABLE_TESTABILITY = YES;
				GCC_C_LANGUAGE_STANDARD = gnu11;
				GCC_DYNAMIC_NO_PIC = NO;
				GCC_NO_COMMON_BLOCKS = YES;
				GCC_OPTIMIZATION_LEVEL = 0;
				GCC_PREPROCESSOR_DEFINITIONS = (
					"DEBUG=1",
					"$(inherited)",
				);
				GCC_WARN_64_TO_32_BIT_CONVERSION = YES;
				GCC_WARN_ABOUT_RETURN_TYPE = YES_ERROR;
				GCC_WARN_UNDECLARED_SELECTOR = YES;
				GCC_WARN_UNINITIALIZED_AUTOS = YES_AGGRESSIVE;
				GCC_WARN_UNUSED_FUNCTION = YES;
				GCC_WARN_UNUSED_VARIABLE = YES;
				INFOPLIST_KEY_CFBundleDisplayName = "H1-MyCarDeepDive";
				IPHONEOS_DEPLOYMENT_TARGET = 15.0;
				MTL_ENABLE_DEBUG_INFO = INCLUDE_SOURCE;
				MTL_FAST_MATH = YES;
				ONLY_ACTIVE_ARCH = YES;
				SDKROOT = iphoneos;
				SWIFT_ACTIVE_COMPILATION_CONDITIONS = DEBUG;
				SWIFT_OPTIMIZATION_LEVEL = "-Onone";
			};
			name = Debug;
		};
		64ADA4652A7787780003E2C1 /* Release */ = {
			isa = XCBuildConfiguration;
			buildSettings = {
				ALWAYS_SEARCH_USER_PATHS = NO;
				CLANG_ANALYZER_NONNULL = YES;
				CLANG_ANALYZER_NUMBER_OBJECT_CONVERSION = YES_AGGRESSIVE;
				CLANG_CXX_LANGUAGE_STANDARD = "gnu++20";
				CLANG_ENABLE_MODULES = YES;
				CLANG_ENABLE_OBJC_ARC = YES;
				CLANG_ENABLE_OBJC_WEAK = YES;
				CLANG_WARN_BLOCK_CAPTURE_AUTORELEASING = YES;
				CLANG_WARN_BOOL_CONVERSION = YES;
				CLANG_WARN_COMMA = YES;
				CLANG_WARN_CONSTANT_CONVERSION = YES;
				CLANG_WARN_DEPRECATED_OBJC_IMPLEMENTATIONS = YES;
				CLANG_WARN_DIRECT_OBJC_ISA_USAGE = YES_ERROR;
				CLANG_WARN_DOCUMENTATION_COMMENTS = YES;
				CLANG_WARN_EMPTY_BODY = YES;
				CLANG_WARN_ENUM_CONVERSION = YES;
				CLANG_WARN_INFINITE_RECURSION = YES;
				CLANG_WARN_INT_CONVERSION = YES;
				CLANG_WARN_NON_LITERAL_NULL_CONVERSION = YES;
				CLANG_WARN_OBJC_IMPLICIT_RETAIN_SELF = YES;
				CLANG_WARN_OBJC_LITERAL_CONVERSION = YES;
				CLANG_WARN_OBJC_ROOT_CLASS = YES_ERROR;
				CLANG_WARN_QUOTED_INCLUDE_IN_FRAMEWORK_HEADER = YES;
				CLANG_WARN_RANGE_LOOP_ANALYSIS = YES;
				CLANG_WARN_STRICT_PROTOTYPES = YES;
				CLANG_WARN_SUSPICIOUS_MOVE = YES;
				CLANG_WARN_UNGUARDED_AVAILABILITY = YES_AGGRESSIVE;
				CLANG_WARN_UNREACHABLE_CODE = YES;
				CLANG_WARN__DUPLICATE_METHOD_MATCH = YES;
				COPY_PHASE_STRIP = NO;
				DEBUG_INFORMATION_FORMAT = "dwarf-with-dsym";
				ENABLE_NS_ASSERTIONS = NO;
				ENABLE_STRICT_OBJC_MSGSEND = YES;
				GCC_C_LANGUAGE_STANDARD = gnu11;
				GCC_NO_COMMON_BLOCKS = YES;
				GCC_WARN_64_TO_32_BIT_CONVERSION = YES;
				GCC_WARN_ABOUT_RETURN_TYPE = YES_ERROR;
				GCC_WARN_UNDECLARED_SELECTOR = YES;
				GCC_WARN_UNINITIALIZED_AUTOS = YES_AGGRESSIVE;
				GCC_WARN_UNUSED_FUNCTION = YES;
				GCC_WARN_UNUSED_VARIABLE = YES;
				INFOPLIST_KEY_CFBundleDisplayName = "H1-MyCarDeepDive";
				IPHONEOS_DEPLOYMENT_TARGET = 15.0;
				MTL_ENABLE_DEBUG_INFO = NO;
				MTL_FAST_MATH = YES;
				SDKROOT = iphoneos;
				SWIFT_COMPILATION_MODE = wholemodule;
				SWIFT_OPTIMIZATION_LEVEL = "-O";
				VALIDATE_PRODUCT = YES;
			};
			name = Release;
		};
		64ADA4672A7787780003E2C1 /* Debug */ = {
			isa = XCBuildConfiguration;
			buildSettings = {
				ASSETCATALOG_COMPILER_APPICON_NAME = AppIcon;
				ASSETCATALOG_COMPILER_GLOBAL_ACCENT_COLOR_NAME = AccentColor;
				CODE_SIGN_STYLE = Automatic;
				CURRENT_PROJECT_VERSION = 1;
				DEVELOPMENT_TEAM = B3PWYBKFUK;
				GENERATE_INFOPLIST_FILE = YES;
				INFOPLIST_FILE = GetYa/App/Info.plist;
				INFOPLIST_KEY_CFBundleDisplayName = "H1-MyCarDeepDive";
				INFOPLIST_KEY_UIApplicationSupportsIndirectInputEvents = YES;
				INFOPLIST_KEY_UILaunchStoryboardName = LaunchScreen;
				INFOPLIST_KEY_UISupportedInterfaceOrientations = UIInterfaceOrientationPortrait;
				INFOPLIST_KEY_UISupportedInterfaceOrientations_iPad = "UIInterfaceOrientationLandscapeLeft UIInterfaceOrientationLandscapeRight UIInterfaceOrientationPortrait UIInterfaceOrientationPortraitUpsideDown";
				LD_RUNPATH_SEARCH_PATHS = (
					"$(inherited)",
					"@executable_path/Frameworks",
				);
				MARKETING_VERSION = 1.0;
				PRODUCT_BUNDLE_IDENTIFIER = "kr.codesquad.softeer.H1-MyCarDeepDive";
				PRODUCT_NAME = "$(TARGET_NAME)";
				SWIFT_EMIT_LOC_STRINGS = YES;
				SWIFT_VERSION = 5.0;
				TARGETED_DEVICE_FAMILY = "1,2";
			};
			name = Debug;
		};
		64ADA4682A7787780003E2C1 /* Release */ = {
			isa = XCBuildConfiguration;
			buildSettings = {
				ASSETCATALOG_COMPILER_APPICON_NAME = AppIcon;
				ASSETCATALOG_COMPILER_GLOBAL_ACCENT_COLOR_NAME = AccentColor;
				CODE_SIGN_STYLE = Automatic;
				CURRENT_PROJECT_VERSION = 1;
				DEVELOPMENT_TEAM = B3PWYBKFUK;
				GENERATE_INFOPLIST_FILE = YES;
				INFOPLIST_FILE = GetYa/App/Info.plist;
				INFOPLIST_KEY_CFBundleDisplayName = "H1-MyCarDeepDive";
				INFOPLIST_KEY_UIApplicationSupportsIndirectInputEvents = YES;
				INFOPLIST_KEY_UILaunchStoryboardName = LaunchScreen;
				INFOPLIST_KEY_UISupportedInterfaceOrientations = UIInterfaceOrientationPortrait;
				INFOPLIST_KEY_UISupportedInterfaceOrientations_iPad = "UIInterfaceOrientationLandscapeLeft UIInterfaceOrientationLandscapeRight UIInterfaceOrientationPortrait UIInterfaceOrientationPortraitUpsideDown";
				LD_RUNPATH_SEARCH_PATHS = (
					"$(inherited)",
					"@executable_path/Frameworks",
				);
				MARKETING_VERSION = 1.0;
				PRODUCT_BUNDLE_IDENTIFIER = "kr.codesquad.softeer.H1-MyCarDeepDive";
				PRODUCT_NAME = "$(TARGET_NAME)";
				SWIFT_EMIT_LOC_STRINGS = YES;
				SWIFT_VERSION = 5.0;
				TARGETED_DEVICE_FAMILY = "1,2";
			};
			name = Release;
		};
		64ADA46A2A7787780003E2C1 /* Debug */ = {
			isa = XCBuildConfiguration;
			buildSettings = {
				ALWAYS_EMBED_SWIFT_STANDARD_LIBRARIES = YES;
				BUNDLE_LOADER = "$(TEST_HOST)";
				CODE_SIGN_STYLE = Automatic;
				CURRENT_PROJECT_VERSION = 1;
				DEVELOPMENT_TEAM = 3X23G6XQ74;
				GENERATE_INFOPLIST_FILE = YES;
				IPHONEOS_DEPLOYMENT_TARGET = 16.4;
				MARKETING_VERSION = 1.0;
				PRODUCT_BUNDLE_IDENTIFIER = "NamSeok-Bae.GetYaTests";
				PRODUCT_NAME = "$(TARGET_NAME)";
				SWIFT_EMIT_LOC_STRINGS = NO;
				SWIFT_VERSION = 5.0;
				TARGETED_DEVICE_FAMILY = "1,2";
				TEST_HOST = "$(BUILT_PRODUCTS_DIR)/GetYa.app/$(BUNDLE_EXECUTABLE_FOLDER_PATH)/GetYa";
			};
			name = Debug;
		};
		64ADA46B2A7787780003E2C1 /* Release */ = {
			isa = XCBuildConfiguration;
			buildSettings = {
				ALWAYS_EMBED_SWIFT_STANDARD_LIBRARIES = YES;
				BUNDLE_LOADER = "$(TEST_HOST)";
				CODE_SIGN_STYLE = Automatic;
				CURRENT_PROJECT_VERSION = 1;
				DEVELOPMENT_TEAM = 3X23G6XQ74;
				GENERATE_INFOPLIST_FILE = YES;
				IPHONEOS_DEPLOYMENT_TARGET = 16.4;
				MARKETING_VERSION = 1.0;
				PRODUCT_BUNDLE_IDENTIFIER = "NamSeok-Bae.GetYaTests";
				PRODUCT_NAME = "$(TARGET_NAME)";
				SWIFT_EMIT_LOC_STRINGS = NO;
				SWIFT_VERSION = 5.0;
				TARGETED_DEVICE_FAMILY = "1,2";
				TEST_HOST = "$(BUILT_PRODUCTS_DIR)/GetYa.app/$(BUNDLE_EXECUTABLE_FOLDER_PATH)/GetYa";
			};
			name = Release;
		};
		64ADA46D2A7787780003E2C1 /* Debug */ = {
			isa = XCBuildConfiguration;
			buildSettings = {
				ALWAYS_EMBED_SWIFT_STANDARD_LIBRARIES = YES;
				CODE_SIGN_STYLE = Automatic;
				CURRENT_PROJECT_VERSION = 1;
				DEVELOPMENT_TEAM = 3X23G6XQ74;
				GENERATE_INFOPLIST_FILE = YES;
				MARKETING_VERSION = 1.0;
				PRODUCT_BUNDLE_IDENTIFIER = "NamSeok-Bae.GetYaUITests";
				PRODUCT_NAME = "$(TARGET_NAME)";
				SWIFT_EMIT_LOC_STRINGS = NO;
				SWIFT_VERSION = 5.0;
				TARGETED_DEVICE_FAMILY = "1,2";
				TEST_TARGET_NAME = GetYa;
			};
			name = Debug;
		};
		64ADA46E2A7787780003E2C1 /* Release */ = {
			isa = XCBuildConfiguration;
			buildSettings = {
				ALWAYS_EMBED_SWIFT_STANDARD_LIBRARIES = YES;
				CODE_SIGN_STYLE = Automatic;
				CURRENT_PROJECT_VERSION = 1;
				DEVELOPMENT_TEAM = 3X23G6XQ74;
				GENERATE_INFOPLIST_FILE = YES;
				MARKETING_VERSION = 1.0;
				PRODUCT_BUNDLE_IDENTIFIER = "NamSeok-Bae.GetYaUITests";
				PRODUCT_NAME = "$(TARGET_NAME)";
				SWIFT_EMIT_LOC_STRINGS = NO;
				SWIFT_VERSION = 5.0;
				TARGETED_DEVICE_FAMILY = "1,2";
				TEST_TARGET_NAME = GetYa;
			};
			name = Release;
		};
/* End XCBuildConfiguration section */

/* Begin XCConfigurationList section */
		64ADA4372A7787770003E2C1 /* Build configuration list for PBXProject "GetYa" */ = {
			isa = XCConfigurationList;
			buildConfigurations = (
				64ADA4642A7787780003E2C1 /* Debug */,
				64ADA4652A7787780003E2C1 /* Release */,
			);
			defaultConfigurationIsVisible = 0;
			defaultConfigurationName = Release;
		};
		64ADA4662A7787780003E2C1 /* Build configuration list for PBXNativeTarget "GetYa" */ = {
			isa = XCConfigurationList;
			buildConfigurations = (
				64ADA4672A7787780003E2C1 /* Debug */,
				64ADA4682A7787780003E2C1 /* Release */,
			);
			defaultConfigurationIsVisible = 0;
			defaultConfigurationName = Release;
		};
		64ADA4692A7787780003E2C1 /* Build configuration list for PBXNativeTarget "GetYaTests" */ = {
			isa = XCConfigurationList;
			buildConfigurations = (
				64ADA46A2A7787780003E2C1 /* Debug */,
				64ADA46B2A7787780003E2C1 /* Release */,
			);
			defaultConfigurationIsVisible = 0;
			defaultConfigurationName = Release;
		};
		64ADA46C2A7787780003E2C1 /* Build configuration list for PBXNativeTarget "GetYaUITests" */ = {
			isa = XCConfigurationList;
			buildConfigurations = (
				64ADA46D2A7787780003E2C1 /* Debug */,
				64ADA46E2A7787780003E2C1 /* Release */,
			);
			defaultConfigurationIsVisible = 0;
			defaultConfigurationName = Release;
		};
/* End XCConfigurationList section */
	};
	rootObject = 64ADA4342A7787770003E2C1 /* Project object */;
}
